
Microsoft Visual Studio Solution File, Format Version 12.00
# Visual Studio Version 16
VisualStudioVersion = 16.0.32602.291
MinimumVisualStudioVersion = 10.0.40219.1
Project("{8BC9CEB8-8B4A-11D0-8D11-00A0C91BC942}") = "hanoi_tower", "c_Lang_1\c_Lang_1.vcxproj", "{CC81AB8F-4000-4624-A704-E471194D9F95}"
EndProject
Project("{8BC9CEB8-8B4A-11D0-8D11-00A0C91BC942}") = "c_0", "C_Lang_0\C_Lang_0.vcxproj", "{9583ECFF-879D-4907-B516-667B4E3C793E}"
EndProject
Project("{2150E333-8FDC-42A3-9474-1A3956D46DE8}") = "c", "c", "{D7045D41-2540-4FAA-9D16-FB113326C3A7}"
EndProject
Project("{2150E333-8FDC-42A3-9474-1A3956D46DE8}") = "cpp", "cpp", "{D8877BC2-628C-4B31-877D-E3E7EF817194}"
EndProject
Project("{8BC9CEB8-8B4A-11D0-8D11-00A0C91BC942}") = "mahomaho", "mahomaho\mahomaho.vcxproj", "{1BECF1CD-1035-48E6-ABC7-D5A2E9AD3AC6}"
EndProject
Project("{8BC9CEB8-8B4A-11D0-8D11-00A0C91BC942}") = "fileIO_1", "fileIO_1\fileIO_1.vcxproj", "{E43F582A-8297-437D-9A29-E9D9108266CC}"
EndProject
Project("{8BC9CEB8-8B4A-11D0-8D11-00A0C91BC942}") = "ahahgruta", "ahahgruta\ahahgruta.vcxproj", "{942BB04D-146C-4B59-B05E-9DD402D0C69C}"
EndProject
Project("{8BC9CEB8-8B4A-11D0-8D11-00A0C91BC942}") = "LL_0", "LL_0\LL_0.vcxproj", "{1CB16664-519A-4E64-AF27-EBA3DFD26351}"
EndProject
Project("{8BC9CEB8-8B4A-11D0-8D11-00A0C91BC942}") = "LL_1", "LL_1\LL_1.vcxproj", "{05E7F114-D665-4436-A03D-3B632E8AF74B}"
EndProject
Project("{8BC9CEB8-8B4A-11D0-8D11-00A0C91BC942}") = "LinkedListLibrary", "LinkedListLibrary\LinkedListLibrary.vcxproj", "{D8CD4F51-0C3B-46D3-930A-7CC50B50C242}"
EndProject
Project("{2150E333-8FDC-42A3-9474-1A3956D46DE8}") = "data_structure", "data_structure", "{EBCBE457-AFD1-4FA9-BA51-3A79D45AB129}"
EndProject
Project("{8BC9CEB8-8B4A-11D0-8D11-00A0C91BC942}") = "stack_array", "stack_array\stack_array.vcxproj", "{AC6904B2-7457-48C8-91A1-BD07C65E54C9}"
EndProject
Project("{8BC9CEB8-8B4A-11D0-8D11-00A0C91BC942}") = "queue_array", "queue_array\queue_array.vcxproj", "{0FE0C40F-333C-4814-81CB-F99DA044526D}"
EndProject
Project("{8BC9CEB8-8B4A-11D0-8D11-00A0C91BC942}") = "circular_queue_array", "circular_queue_array\circular_queue_array.vcxproj", "{38EACF12-0E00-4A87-91FE-4845F95762D9}"
EndProject
Project("{8BC9CEB8-8B4A-11D0-8D11-00A0C91BC942}") = "circular_queue_array_1", "circular_queue_array_1\circular_queue_array_1.vcxproj", "{CCE1062D-431E-4BC5-ABE5-C8F9537D27F4}"
EndProject
Project("{8BC9CEB8-8B4A-11D0-8D11-00A0C91BC942}") = "stack_LL", "stack_LL\stack_LL.vcxproj", "{4554383A-B2DC-4AF5-87B4-A71483A5FC70}"
EndProject
Project("{8BC9CEB8-8B4A-11D0-8D11-00A0C91BC942}") = "queue_LL", "queue_LL\queue_LL.vcxproj", "{71C19FFA-C0E0-43B7-AD38-CCE486831FEA}"
EndProject
Project("{8BC9CEB8-8B4A-11D0-8D11-00A0C91BC942}") = "LL", "LinkedList_cpp\LinkedList_cpp.vcxproj", "{83B2788C-ADBA-4D7C-86AC-84E593FC88A6}"
EndProject
Project("{8BC9CEB8-8B4A-11D0-8D11-00A0C91BC942}") = "stack_cpp", "stack_cpp\stack_cpp.vcxproj", "{343D8A9F-D71E-4450-BCAC-96673458AFEE}"
EndProject
Project("{2150E333-8FDC-42A3-9474-1A3956D46DE8}") = "test", "test", "{7A19D2BA-01FD-41CF-BB99-4E8F8849332B}"
EndProject
Project("{8BC9CEB8-8B4A-11D0-8D11-00A0C91BC942}") = "const_0", "const_0\const_0.vcxproj", "{DC3634CF-B268-4A35-9075-60CD384E2ADF}"
EndProject
Project("{8BC9CEB8-8B4A-11D0-8D11-00A0C91BC942}") = "const_1", "const_1\const_1.vcxproj", "{EC76E300-B6AE-4765-8548-EA5AF6B22C77}"
EndProject
Project("{8BC9CEB8-8B4A-11D0-8D11-00A0C91BC942}") = "LL_const", "LL_const\LL_const.vcxproj", "{958C712C-B727-444F-8C0A-34C1CC868C4A}"
EndProject
Project("{8BC9CEB8-8B4A-11D0-8D11-00A0C91BC942}") = "LL_T", "LL_T\LL_T.vcxproj", "{3461F477-DC72-4E22-8B5D-056A81CD4547}"
EndProject
Project("{8BC9CEB8-8B4A-11D0-8D11-00A0C91BC942}") = "jotso", "jotso\jotso.vcxproj", "{E9C37D52-56BF-4A6E-9DDF-A75ED941F004}"
EndProject
Project("{8BC9CEB8-8B4A-11D0-8D11-00A0C91BC942}") = "sort", "sort\sort.vcxproj", "{6E6D46E1-AC9E-4AE5-BB76-B757F8951CF7}"
EndProject
Project("{8BC9CEB8-8B4A-11D0-8D11-00A0C91BC942}") = "tree_0", "tree_0\tree_0.vcxproj", "{93C41B9B-C914-4B4F-80DC-0E83EA4EBD39}"
EndProject
Project("{8BC9CEB8-8B4A-11D0-8D11-00A0C91BC942}") = "tree_1", "tree_1\tree_1.vcxproj", "{DEEFEA85-CABF-4A87-B0C4-AF9122122C1A}"
EndProject
Project("{8BC9CEB8-8B4A-11D0-8D11-00A0C91BC942}") = "Pointer_and_Reference", "Pointer_and_Reference\Pointer_and_Reference.vcxproj", "{05E4FD2D-2C76-4BFB-BE3D-D4A7D8A7448E}"
EndProject
Project("{8BC9CEB8-8B4A-11D0-8D11-00A0C91BC942}") = "tree_2_RBT", "tree_2_RBT\tree_2_RBT.vcxproj", "{A54AAF20-7D88-4ED3-B69C-79E30A9AC106}"
EndProject
Project("{8BC9CEB8-8B4A-11D0-8D11-00A0C91BC942}") = "quad_tree_0", "quad_tree_0\quad_tree_0.vcxproj", "{942B0FE6-1204-47D0-9E48-78FF56783352}"
EndProject
Project("{8BC9CEB8-8B4A-11D0-8D11-00A0C91BC942}") = "octree_0", "octree_0\octree_0.vcxproj", "{90657AE5-69F9-4228-A554-09665F30C6B2}"
EndProject
Project("{8BC9CEB8-8B4A-11D0-8D11-00A0C91BC942}") = "octree_1", "octree_1\octree_1.vcxproj", "{D54F045C-3BB9-41E3-8C4D-82050179DEF1}"
EndProject
Project("{8BC9CEB8-8B4A-11D0-8D11-00A0C91BC942}") = "DeepDarkFantasies", "DeepDarkFantasies\DeepDarkFantasies.vcxproj", "{7A4131F1-CAB4-4528-967B-162AB2C5D169}"
EndProject
Project("{2150E333-8FDC-42A3-9474-1A3956D46DE8}") = "directX", "directX", "{3C62B5E1-9366-4805-8364-1A551C82220E}"
EndProject
Project("{8BC9CEB8-8B4A-11D0-8D11-00A0C91BC942}") = "k_Window", "k_Window\k_Window.vcxproj", "{F2544097-E90B-4EAB-B88C-30292661D812}"
EndProject
Project("{8BC9CEB8-8B4A-11D0-8D11-00A0C91BC942}") = "k_WIndow_0", "k_WIndow_0\k_WIndow_0.vcxproj", "{0F900CFA-59E5-4B4C-AC95-0745600E8C13}"
EndProject
Project("{8BC9CEB8-8B4A-11D0-8D11-00A0C91BC942}") = "k_DirectX_0", "k_DirectX_0\k_DirectX_0.vcxproj", "{6BFF45DB-1602-4700-95B1-C0B97B6E0A1F}"
EndProject
Project("{8BC9CEB8-8B4A-11D0-8D11-00A0C91BC942}") = "OctreeDraw", "OctreeDraw\OctreeDraw.vcxproj", "{A7405003-6459-4184-9999-8867B4B09FA0}"
EndProject
Global
	GlobalSection(SolutionConfigurationPlatforms) = preSolution
		Debug|x64 = Debug|x64
		Debug|x86 = Debug|x86
		Release|x64 = Release|x64
		Release|x86 = Release|x86
	EndGlobalSection
	GlobalSection(ProjectConfigurationPlatforms) = postSolution
		{CC81AB8F-4000-4624-A704-E471194D9F95}.Debug|x64.ActiveCfg = Debug|x64
		{CC81AB8F-4000-4624-A704-E471194D9F95}.Debug|x64.Build.0 = Debug|x64
		{CC81AB8F-4000-4624-A704-E471194D9F95}.Debug|x86.ActiveCfg = Debug|Win32
		{CC81AB8F-4000-4624-A704-E471194D9F95}.Debug|x86.Build.0 = Debug|Win32
		{CC81AB8F-4000-4624-A704-E471194D9F95}.Release|x64.ActiveCfg = Release|x64
		{CC81AB8F-4000-4624-A704-E471194D9F95}.Release|x64.Build.0 = Release|x64
		{CC81AB8F-4000-4624-A704-E471194D9F95}.Release|x86.ActiveCfg = Release|Win32
		{CC81AB8F-4000-4624-A704-E471194D9F95}.Release|x86.Build.0 = Release|Win32
		{9583ECFF-879D-4907-B516-667B4E3C793E}.Debug|x64.ActiveCfg = Debug|x64
		{9583ECFF-879D-4907-B516-667B4E3C793E}.Debug|x64.Build.0 = Debug|x64
		{9583ECFF-879D-4907-B516-667B4E3C793E}.Debug|x86.ActiveCfg = Debug|Win32
		{9583ECFF-879D-4907-B516-667B4E3C793E}.Debug|x86.Build.0 = Debug|Win32
		{9583ECFF-879D-4907-B516-667B4E3C793E}.Release|x64.ActiveCfg = Release|x64
		{9583ECFF-879D-4907-B516-667B4E3C793E}.Release|x64.Build.0 = Release|x64
		{9583ECFF-879D-4907-B516-667B4E3C793E}.Release|x86.ActiveCfg = Release|Win32
		{9583ECFF-879D-4907-B516-667B4E3C793E}.Release|x86.Build.0 = Release|Win32
		{1BECF1CD-1035-48E6-ABC7-D5A2E9AD3AC6}.Debug|x64.ActiveCfg = Debug|x64
		{1BECF1CD-1035-48E6-ABC7-D5A2E9AD3AC6}.Debug|x64.Build.0 = Debug|x64
		{1BECF1CD-1035-48E6-ABC7-D5A2E9AD3AC6}.Debug|x86.ActiveCfg = Debug|Win32
		{1BECF1CD-1035-48E6-ABC7-D5A2E9AD3AC6}.Debug|x86.Build.0 = Debug|Win32
		{1BECF1CD-1035-48E6-ABC7-D5A2E9AD3AC6}.Release|x64.ActiveCfg = Release|x64
		{1BECF1CD-1035-48E6-ABC7-D5A2E9AD3AC6}.Release|x64.Build.0 = Release|x64
		{1BECF1CD-1035-48E6-ABC7-D5A2E9AD3AC6}.Release|x86.ActiveCfg = Release|Win32
		{1BECF1CD-1035-48E6-ABC7-D5A2E9AD3AC6}.Release|x86.Build.0 = Release|Win32
		{E43F582A-8297-437D-9A29-E9D9108266CC}.Debug|x64.ActiveCfg = Debug|x64
		{E43F582A-8297-437D-9A29-E9D9108266CC}.Debug|x64.Build.0 = Debug|x64
		{E43F582A-8297-437D-9A29-E9D9108266CC}.Debug|x86.ActiveCfg = Debug|Win32
		{E43F582A-8297-437D-9A29-E9D9108266CC}.Debug|x86.Build.0 = Debug|Win32
		{E43F582A-8297-437D-9A29-E9D9108266CC}.Release|x64.ActiveCfg = Release|x64
		{E43F582A-8297-437D-9A29-E9D9108266CC}.Release|x64.Build.0 = Release|x64
		{E43F582A-8297-437D-9A29-E9D9108266CC}.Release|x86.ActiveCfg = Release|Win32
		{E43F582A-8297-437D-9A29-E9D9108266CC}.Release|x86.Build.0 = Release|Win32
		{942BB04D-146C-4B59-B05E-9DD402D0C69C}.Debug|x64.ActiveCfg = Debug|x64
		{942BB04D-146C-4B59-B05E-9DD402D0C69C}.Debug|x64.Build.0 = Debug|x64
		{942BB04D-146C-4B59-B05E-9DD402D0C69C}.Debug|x86.ActiveCfg = Debug|Win32
		{942BB04D-146C-4B59-B05E-9DD402D0C69C}.Debug|x86.Build.0 = Debug|Win32
		{942BB04D-146C-4B59-B05E-9DD402D0C69C}.Release|x64.ActiveCfg = Release|x64
		{942BB04D-146C-4B59-B05E-9DD402D0C69C}.Release|x64.Build.0 = Release|x64
		{942BB04D-146C-4B59-B05E-9DD402D0C69C}.Release|x86.ActiveCfg = Release|Win32
		{942BB04D-146C-4B59-B05E-9DD402D0C69C}.Release|x86.Build.0 = Release|Win32
		{1CB16664-519A-4E64-AF27-EBA3DFD26351}.Debug|x64.ActiveCfg = Debug|x64
		{1CB16664-519A-4E64-AF27-EBA3DFD26351}.Debug|x64.Build.0 = Debug|x64
		{1CB16664-519A-4E64-AF27-EBA3DFD26351}.Debug|x86.ActiveCfg = Debug|Win32
		{1CB16664-519A-4E64-AF27-EBA3DFD26351}.Debug|x86.Build.0 = Debug|Win32
		{1CB16664-519A-4E64-AF27-EBA3DFD26351}.Release|x64.ActiveCfg = Release|x64
		{1CB16664-519A-4E64-AF27-EBA3DFD26351}.Release|x64.Build.0 = Release|x64
		{1CB16664-519A-4E64-AF27-EBA3DFD26351}.Release|x86.ActiveCfg = Release|Win32
		{1CB16664-519A-4E64-AF27-EBA3DFD26351}.Release|x86.Build.0 = Release|Win32
		{05E7F114-D665-4436-A03D-3B632E8AF74B}.Debug|x64.ActiveCfg = Debug|x64
		{05E7F114-D665-4436-A03D-3B632E8AF74B}.Debug|x64.Build.0 = Debug|x64
		{05E7F114-D665-4436-A03D-3B632E8AF74B}.Debug|x86.ActiveCfg = Debug|Win32
		{05E7F114-D665-4436-A03D-3B632E8AF74B}.Debug|x86.Build.0 = Debug|Win32
		{05E7F114-D665-4436-A03D-3B632E8AF74B}.Release|x64.ActiveCfg = Release|x64
		{05E7F114-D665-4436-A03D-3B632E8AF74B}.Release|x64.Build.0 = Release|x64
		{05E7F114-D665-4436-A03D-3B632E8AF74B}.Release|x86.ActiveCfg = Release|Win32
		{05E7F114-D665-4436-A03D-3B632E8AF74B}.Release|x86.Build.0 = Release|Win32
		{D8CD4F51-0C3B-46D3-930A-7CC50B50C242}.Debug|x64.ActiveCfg = Debug|x64
		{D8CD4F51-0C3B-46D3-930A-7CC50B50C242}.Debug|x64.Build.0 = Debug|x64
		{D8CD4F51-0C3B-46D3-930A-7CC50B50C242}.Debug|x86.ActiveCfg = Debug|Win32
		{D8CD4F51-0C3B-46D3-930A-7CC50B50C242}.Debug|x86.Build.0 = Debug|Win32
		{D8CD4F51-0C3B-46D3-930A-7CC50B50C242}.Release|x64.ActiveCfg = Release|x64
		{D8CD4F51-0C3B-46D3-930A-7CC50B50C242}.Release|x64.Build.0 = Release|x64
		{D8CD4F51-0C3B-46D3-930A-7CC50B50C242}.Release|x86.ActiveCfg = Release|Win32
		{D8CD4F51-0C3B-46D3-930A-7CC50B50C242}.Release|x86.Build.0 = Release|Win32
		{AC6904B2-7457-48C8-91A1-BD07C65E54C9}.Debug|x64.ActiveCfg = Debug|x64
		{AC6904B2-7457-48C8-91A1-BD07C65E54C9}.Debug|x64.Build.0 = Debug|x64
		{AC6904B2-7457-48C8-91A1-BD07C65E54C9}.Debug|x86.ActiveCfg = Debug|Win32
		{AC6904B2-7457-48C8-91A1-BD07C65E54C9}.Debug|x86.Build.0 = Debug|Win32
		{AC6904B2-7457-48C8-91A1-BD07C65E54C9}.Release|x64.ActiveCfg = Release|x64
		{AC6904B2-7457-48C8-91A1-BD07C65E54C9}.Release|x64.Build.0 = Release|x64
		{AC6904B2-7457-48C8-91A1-BD07C65E54C9}.Release|x86.ActiveCfg = Release|Win32
		{AC6904B2-7457-48C8-91A1-BD07C65E54C9}.Release|x86.Build.0 = Release|Win32
		{0FE0C40F-333C-4814-81CB-F99DA044526D}.Debug|x64.ActiveCfg = Debug|x64
		{0FE0C40F-333C-4814-81CB-F99DA044526D}.Debug|x64.Build.0 = Debug|x64
		{0FE0C40F-333C-4814-81CB-F99DA044526D}.Debug|x86.ActiveCfg = Debug|Win32
		{0FE0C40F-333C-4814-81CB-F99DA044526D}.Debug|x86.Build.0 = Debug|Win32
		{0FE0C40F-333C-4814-81CB-F99DA044526D}.Release|x64.ActiveCfg = Release|x64
		{0FE0C40F-333C-4814-81CB-F99DA044526D}.Release|x64.Build.0 = Release|x64
		{0FE0C40F-333C-4814-81CB-F99DA044526D}.Release|x86.ActiveCfg = Release|Win32
		{0FE0C40F-333C-4814-81CB-F99DA044526D}.Release|x86.Build.0 = Release|Win32
		{38EACF12-0E00-4A87-91FE-4845F95762D9}.Debug|x64.ActiveCfg = Debug|x64
		{38EACF12-0E00-4A87-91FE-4845F95762D9}.Debug|x64.Build.0 = Debug|x64
		{38EACF12-0E00-4A87-91FE-4845F95762D9}.Debug|x86.ActiveCfg = Debug|Win32
		{38EACF12-0E00-4A87-91FE-4845F95762D9}.Debug|x86.Build.0 = Debug|Win32
		{38EACF12-0E00-4A87-91FE-4845F95762D9}.Release|x64.ActiveCfg = Release|x64
		{38EACF12-0E00-4A87-91FE-4845F95762D9}.Release|x64.Build.0 = Release|x64
		{38EACF12-0E00-4A87-91FE-4845F95762D9}.Release|x86.ActiveCfg = Release|Win32
		{38EACF12-0E00-4A87-91FE-4845F95762D9}.Release|x86.Build.0 = Release|Win32
		{CCE1062D-431E-4BC5-ABE5-C8F9537D27F4}.Debug|x64.ActiveCfg = Debug|x64
		{CCE1062D-431E-4BC5-ABE5-C8F9537D27F4}.Debug|x64.Build.0 = Debug|x64
		{CCE1062D-431E-4BC5-ABE5-C8F9537D27F4}.Debug|x86.ActiveCfg = Debug|Win32
		{CCE1062D-431E-4BC5-ABE5-C8F9537D27F4}.Debug|x86.Build.0 = Debug|Win32
		{CCE1062D-431E-4BC5-ABE5-C8F9537D27F4}.Release|x64.ActiveCfg = Release|x64
		{CCE1062D-431E-4BC5-ABE5-C8F9537D27F4}.Release|x64.Build.0 = Release|x64
		{CCE1062D-431E-4BC5-ABE5-C8F9537D27F4}.Release|x86.ActiveCfg = Release|Win32
		{CCE1062D-431E-4BC5-ABE5-C8F9537D27F4}.Release|x86.Build.0 = Release|Win32
		{4554383A-B2DC-4AF5-87B4-A71483A5FC70}.Debug|x64.ActiveCfg = Debug|x64
		{4554383A-B2DC-4AF5-87B4-A71483A5FC70}.Debug|x64.Build.0 = Debug|x64
		{4554383A-B2DC-4AF5-87B4-A71483A5FC70}.Debug|x86.ActiveCfg = Debug|Win32
		{4554383A-B2DC-4AF5-87B4-A71483A5FC70}.Debug|x86.Build.0 = Debug|Win32
		{4554383A-B2DC-4AF5-87B4-A71483A5FC70}.Release|x64.ActiveCfg = Release|x64
		{4554383A-B2DC-4AF5-87B4-A71483A5FC70}.Release|x64.Build.0 = Release|x64
		{4554383A-B2DC-4AF5-87B4-A71483A5FC70}.Release|x86.ActiveCfg = Release|Win32
		{4554383A-B2DC-4AF5-87B4-A71483A5FC70}.Release|x86.Build.0 = Release|Win32
		{71C19FFA-C0E0-43B7-AD38-CCE486831FEA}.Debug|x64.ActiveCfg = Debug|x64
		{71C19FFA-C0E0-43B7-AD38-CCE486831FEA}.Debug|x64.Build.0 = Debug|x64
		{71C19FFA-C0E0-43B7-AD38-CCE486831FEA}.Debug|x86.ActiveCfg = Debug|Win32
		{71C19FFA-C0E0-43B7-AD38-CCE486831FEA}.Debug|x86.Build.0 = Debug|Win32
		{71C19FFA-C0E0-43B7-AD38-CCE486831FEA}.Release|x64.ActiveCfg = Release|x64
		{71C19FFA-C0E0-43B7-AD38-CCE486831FEA}.Release|x64.Build.0 = Release|x64
		{71C19FFA-C0E0-43B7-AD38-CCE486831FEA}.Release|x86.ActiveCfg = Release|Win32
		{71C19FFA-C0E0-43B7-AD38-CCE486831FEA}.Release|x86.Build.0 = Release|Win32
		{83B2788C-ADBA-4D7C-86AC-84E593FC88A6}.Debug|x64.ActiveCfg = Debug|x64
		{83B2788C-ADBA-4D7C-86AC-84E593FC88A6}.Debug|x64.Build.0 = Debug|x64
		{83B2788C-ADBA-4D7C-86AC-84E593FC88A6}.Debug|x86.ActiveCfg = Debug|Win32
		{83B2788C-ADBA-4D7C-86AC-84E593FC88A6}.Debug|x86.Build.0 = Debug|Win32
		{83B2788C-ADBA-4D7C-86AC-84E593FC88A6}.Release|x64.ActiveCfg = Release|x64
		{83B2788C-ADBA-4D7C-86AC-84E593FC88A6}.Release|x64.Build.0 = Release|x64
		{83B2788C-ADBA-4D7C-86AC-84E593FC88A6}.Release|x86.ActiveCfg = Release|Win32
		{83B2788C-ADBA-4D7C-86AC-84E593FC88A6}.Release|x86.Build.0 = Release|Win32
		{343D8A9F-D71E-4450-BCAC-96673458AFEE}.Debug|x64.ActiveCfg = Debug|x64
		{343D8A9F-D71E-4450-BCAC-96673458AFEE}.Debug|x64.Build.0 = Debug|x64
		{343D8A9F-D71E-4450-BCAC-96673458AFEE}.Debug|x86.ActiveCfg = Debug|Win32
		{343D8A9F-D71E-4450-BCAC-96673458AFEE}.Debug|x86.Build.0 = Debug|Win32
		{343D8A9F-D71E-4450-BCAC-96673458AFEE}.Release|x64.ActiveCfg = Release|x64
		{343D8A9F-D71E-4450-BCAC-96673458AFEE}.Release|x64.Build.0 = Release|x64
		{343D8A9F-D71E-4450-BCAC-96673458AFEE}.Release|x86.ActiveCfg = Release|Win32
		{343D8A9F-D71E-4450-BCAC-96673458AFEE}.Release|x86.Build.0 = Release|Win32
		{DC3634CF-B268-4A35-9075-60CD384E2ADF}.Debug|x64.ActiveCfg = Debug|x64
		{DC3634CF-B268-4A35-9075-60CD384E2ADF}.Debug|x64.Build.0 = Debug|x64
		{DC3634CF-B268-4A35-9075-60CD384E2ADF}.Debug|x86.ActiveCfg = Debug|Win32
		{DC3634CF-B268-4A35-9075-60CD384E2ADF}.Debug|x86.Build.0 = Debug|Win32
		{DC3634CF-B268-4A35-9075-60CD384E2ADF}.Release|x64.ActiveCfg = Release|x64
		{DC3634CF-B268-4A35-9075-60CD384E2ADF}.Release|x64.Build.0 = Release|x64
		{DC3634CF-B268-4A35-9075-60CD384E2ADF}.Release|x86.ActiveCfg = Release|Win32
		{DC3634CF-B268-4A35-9075-60CD384E2ADF}.Release|x86.Build.0 = Release|Win32
		{EC76E300-B6AE-4765-8548-EA5AF6B22C77}.Debug|x64.ActiveCfg = Debug|x64
		{EC76E300-B6AE-4765-8548-EA5AF6B22C77}.Debug|x64.Build.0 = Debug|x64
		{EC76E300-B6AE-4765-8548-EA5AF6B22C77}.Debug|x86.ActiveCfg = Debug|Win32
		{EC76E300-B6AE-4765-8548-EA5AF6B22C77}.Debug|x86.Build.0 = Debug|Win32
		{EC76E300-B6AE-4765-8548-EA5AF6B22C77}.Release|x64.ActiveCfg = Release|x64
		{EC76E300-B6AE-4765-8548-EA5AF6B22C77}.Release|x64.Build.0 = Release|x64
		{EC76E300-B6AE-4765-8548-EA5AF6B22C77}.Release|x86.ActiveCfg = Release|Win32
		{EC76E300-B6AE-4765-8548-EA5AF6B22C77}.Release|x86.Build.0 = Release|Win32
		{958C712C-B727-444F-8C0A-34C1CC868C4A}.Debug|x64.ActiveCfg = Debug|x64
		{958C712C-B727-444F-8C0A-34C1CC868C4A}.Debug|x64.Build.0 = Debug|x64
		{958C712C-B727-444F-8C0A-34C1CC868C4A}.Debug|x86.ActiveCfg = Debug|Win32
		{958C712C-B727-444F-8C0A-34C1CC868C4A}.Debug|x86.Build.0 = Debug|Win32
		{958C712C-B727-444F-8C0A-34C1CC868C4A}.Release|x64.ActiveCfg = Release|x64
		{958C712C-B727-444F-8C0A-34C1CC868C4A}.Release|x64.Build.0 = Release|x64
		{958C712C-B727-444F-8C0A-34C1CC868C4A}.Release|x86.ActiveCfg = Release|Win32
		{958C712C-B727-444F-8C0A-34C1CC868C4A}.Release|x86.Build.0 = Release|Win32
		{3461F477-DC72-4E22-8B5D-056A81CD4547}.Debug|x64.ActiveCfg = Debug|x64
		{3461F477-DC72-4E22-8B5D-056A81CD4547}.Debug|x64.Build.0 = Debug|x64
		{3461F477-DC72-4E22-8B5D-056A81CD4547}.Debug|x86.ActiveCfg = Debug|Win32
		{3461F477-DC72-4E22-8B5D-056A81CD4547}.Debug|x86.Build.0 = Debug|Win32
		{3461F477-DC72-4E22-8B5D-056A81CD4547}.Release|x64.ActiveCfg = Release|x64
		{3461F477-DC72-4E22-8B5D-056A81CD4547}.Release|x64.Build.0 = Release|x64
		{3461F477-DC72-4E22-8B5D-056A81CD4547}.Release|x86.ActiveCfg = Release|Win32
		{3461F477-DC72-4E22-8B5D-056A81CD4547}.Release|x86.Build.0 = Release|Win32
		{E9C37D52-56BF-4A6E-9DDF-A75ED941F004}.Debug|x64.ActiveCfg = Debug|x64
		{E9C37D52-56BF-4A6E-9DDF-A75ED941F004}.Debug|x64.Build.0 = Debug|x64
		{E9C37D52-56BF-4A6E-9DDF-A75ED941F004}.Debug|x86.ActiveCfg = Debug|Win32
		{E9C37D52-56BF-4A6E-9DDF-A75ED941F004}.Debug|x86.Build.0 = Debug|Win32
		{E9C37D52-56BF-4A6E-9DDF-A75ED941F004}.Release|x64.ActiveCfg = Release|x64
		{E9C37D52-56BF-4A6E-9DDF-A75ED941F004}.Release|x64.Build.0 = Release|x64
		{E9C37D52-56BF-4A6E-9DDF-A75ED941F004}.Release|x86.ActiveCfg = Release|Win32
		{E9C37D52-56BF-4A6E-9DDF-A75ED941F004}.Release|x86.Build.0 = Release|Win32
		{6E6D46E1-AC9E-4AE5-BB76-B757F8951CF7}.Debug|x64.ActiveCfg = Debug|x64
		{6E6D46E1-AC9E-4AE5-BB76-B757F8951CF7}.Debug|x64.Build.0 = Debug|x64
		{6E6D46E1-AC9E-4AE5-BB76-B757F8951CF7}.Debug|x86.ActiveCfg = Debug|Win32
		{6E6D46E1-AC9E-4AE5-BB76-B757F8951CF7}.Debug|x86.Build.0 = Debug|Win32
		{6E6D46E1-AC9E-4AE5-BB76-B757F8951CF7}.Release|x64.ActiveCfg = Release|x64
		{6E6D46E1-AC9E-4AE5-BB76-B757F8951CF7}.Release|x64.Build.0 = Release|x64
		{6E6D46E1-AC9E-4AE5-BB76-B757F8951CF7}.Release|x86.ActiveCfg = Release|Win32
		{6E6D46E1-AC9E-4AE5-BB76-B757F8951CF7}.Release|x86.Build.0 = Release|Win32
		{93C41B9B-C914-4B4F-80DC-0E83EA4EBD39}.Debug|x64.ActiveCfg = Debug|x64
		{93C41B9B-C914-4B4F-80DC-0E83EA4EBD39}.Debug|x64.Build.0 = Debug|x64
		{93C41B9B-C914-4B4F-80DC-0E83EA4EBD39}.Debug|x86.ActiveCfg = Debug|Win32
		{93C41B9B-C914-4B4F-80DC-0E83EA4EBD39}.Debug|x86.Build.0 = Debug|Win32
		{93C41B9B-C914-4B4F-80DC-0E83EA4EBD39}.Release|x64.ActiveCfg = Release|x64
		{93C41B9B-C914-4B4F-80DC-0E83EA4EBD39}.Release|x64.Build.0 = Release|x64
		{93C41B9B-C914-4B4F-80DC-0E83EA4EBD39}.Release|x86.ActiveCfg = Release|Win32
		{93C41B9B-C914-4B4F-80DC-0E83EA4EBD39}.Release|x86.Build.0 = Release|Win32
		{DEEFEA85-CABF-4A87-B0C4-AF9122122C1A}.Debug|x64.ActiveCfg = Debug|x64
		{DEEFEA85-CABF-4A87-B0C4-AF9122122C1A}.Debug|x64.Build.0 = Debug|x64
		{DEEFEA85-CABF-4A87-B0C4-AF9122122C1A}.Debug|x86.ActiveCfg = Debug|Win32
		{DEEFEA85-CABF-4A87-B0C4-AF9122122C1A}.Debug|x86.Build.0 = Debug|Win32
		{DEEFEA85-CABF-4A87-B0C4-AF9122122C1A}.Release|x64.ActiveCfg = Release|x64
		{DEEFEA85-CABF-4A87-B0C4-AF9122122C1A}.Release|x64.Build.0 = Release|x64
		{DEEFEA85-CABF-4A87-B0C4-AF9122122C1A}.Release|x86.ActiveCfg = Release|Win32
		{DEEFEA85-CABF-4A87-B0C4-AF9122122C1A}.Release|x86.Build.0 = Release|Win32
		{05E4FD2D-2C76-4BFB-BE3D-D4A7D8A7448E}.Debug|x64.ActiveCfg = Debug|x64
		{05E4FD2D-2C76-4BFB-BE3D-D4A7D8A7448E}.Debug|x64.Build.0 = Debug|x64
		{05E4FD2D-2C76-4BFB-BE3D-D4A7D8A7448E}.Debug|x86.ActiveCfg = Debug|Win32
		{05E4FD2D-2C76-4BFB-BE3D-D4A7D8A7448E}.Debug|x86.Build.0 = Debug|Win32
		{05E4FD2D-2C76-4BFB-BE3D-D4A7D8A7448E}.Release|x64.ActiveCfg = Release|x64
		{05E4FD2D-2C76-4BFB-BE3D-D4A7D8A7448E}.Release|x64.Build.0 = Release|x64
		{05E4FD2D-2C76-4BFB-BE3D-D4A7D8A7448E}.Release|x86.ActiveCfg = Release|Win32
		{05E4FD2D-2C76-4BFB-BE3D-D4A7D8A7448E}.Release|x86.Build.0 = Release|Win32
		{A54AAF20-7D88-4ED3-B69C-79E30A9AC106}.Debug|x64.ActiveCfg = Debug|x64
		{A54AAF20-7D88-4ED3-B69C-79E30A9AC106}.Debug|x64.Build.0 = Debug|x64
		{A54AAF20-7D88-4ED3-B69C-79E30A9AC106}.Debug|x86.ActiveCfg = Debug|Win32
		{A54AAF20-7D88-4ED3-B69C-79E30A9AC106}.Debug|x86.Build.0 = Debug|Win32
		{A54AAF20-7D88-4ED3-B69C-79E30A9AC106}.Release|x64.ActiveCfg = Release|x64
		{A54AAF20-7D88-4ED3-B69C-79E30A9AC106}.Release|x64.Build.0 = Release|x64
		{A54AAF20-7D88-4ED3-B69C-79E30A9AC106}.Release|x86.ActiveCfg = Release|Win32
		{A54AAF20-7D88-4ED3-B69C-79E30A9AC106}.Release|x86.Build.0 = Release|Win32
		{942B0FE6-1204-47D0-9E48-78FF56783352}.Debug|x64.ActiveCfg = Debug|x64
		{942B0FE6-1204-47D0-9E48-78FF56783352}.Debug|x64.Build.0 = Debug|x64
		{942B0FE6-1204-47D0-9E48-78FF56783352}.Debug|x86.ActiveCfg = Debug|Win32
		{942B0FE6-1204-47D0-9E48-78FF56783352}.Debug|x86.Build.0 = Debug|Win32
		{942B0FE6-1204-47D0-9E48-78FF56783352}.Release|x64.ActiveCfg = Release|x64
		{942B0FE6-1204-47D0-9E48-78FF56783352}.Release|x64.Build.0 = Release|x64
		{942B0FE6-1204-47D0-9E48-78FF56783352}.Release|x86.ActiveCfg = Release|Win32
		{942B0FE6-1204-47D0-9E48-78FF56783352}.Release|x86.Build.0 = Release|Win32
		{90657AE5-69F9-4228-A554-09665F30C6B2}.Debug|x64.ActiveCfg = Debug|x64
		{90657AE5-69F9-4228-A554-09665F30C6B2}.Debug|x64.Build.0 = Debug|x64
		{90657AE5-69F9-4228-A554-09665F30C6B2}.Debug|x86.ActiveCfg = Debug|Win32
		{90657AE5-69F9-4228-A554-09665F30C6B2}.Debug|x86.Build.0 = Debug|Win32
		{90657AE5-69F9-4228-A554-09665F30C6B2}.Release|x64.ActiveCfg = Release|x64
		{90657AE5-69F9-4228-A554-09665F30C6B2}.Release|x64.Build.0 = Release|x64
		{90657AE5-69F9-4228-A554-09665F30C6B2}.Release|x86.ActiveCfg = Release|Win32
		{90657AE5-69F9-4228-A554-09665F30C6B2}.Release|x86.Build.0 = Release|Win32
		{D54F045C-3BB9-41E3-8C4D-82050179DEF1}.Debug|x64.ActiveCfg = Debug|x64
		{D54F045C-3BB9-41E3-8C4D-82050179DEF1}.Debug|x64.Build.0 = Debug|x64
		{D54F045C-3BB9-41E3-8C4D-82050179DEF1}.Debug|x86.ActiveCfg = Debug|Win32
		{D54F045C-3BB9-41E3-8C4D-82050179DEF1}.Debug|x86.Build.0 = Debug|Win32
		{D54F045C-3BB9-41E3-8C4D-82050179DEF1}.Release|x64.ActiveCfg = Release|x64
		{D54F045C-3BB9-41E3-8C4D-82050179DEF1}.Release|x64.Build.0 = Release|x64
		{D54F045C-3BB9-41E3-8C4D-82050179DEF1}.Release|x86.ActiveCfg = Release|Win32
		{D54F045C-3BB9-41E3-8C4D-82050179DEF1}.Release|x86.Build.0 = Release|Win32
		{7A4131F1-CAB4-4528-967B-162AB2C5D169}.Debug|x64.ActiveCfg = Debug|x64
		{7A4131F1-CAB4-4528-967B-162AB2C5D169}.Debug|x64.Build.0 = Debug|x64
		{7A4131F1-CAB4-4528-967B-162AB2C5D169}.Debug|x86.ActiveCfg = Debug|Win32
		{7A4131F1-CAB4-4528-967B-162AB2C5D169}.Debug|x86.Build.0 = Debug|Win32
		{7A4131F1-CAB4-4528-967B-162AB2C5D169}.Release|x64.ActiveCfg = Release|x64
		{7A4131F1-CAB4-4528-967B-162AB2C5D169}.Release|x64.Build.0 = Release|x64
		{7A4131F1-CAB4-4528-967B-162AB2C5D169}.Release|x86.ActiveCfg = Release|Win32
		{7A4131F1-CAB4-4528-967B-162AB2C5D169}.Release|x86.Build.0 = Release|Win32
		{F2544097-E90B-4EAB-B88C-30292661D812}.Debug|x64.ActiveCfg = Debug|x64
		{F2544097-E90B-4EAB-B88C-30292661D812}.Debug|x64.Build.0 = Debug|x64
		{F2544097-E90B-4EAB-B88C-30292661D812}.Debug|x86.ActiveCfg = Debug|Win32
		{F2544097-E90B-4EAB-B88C-30292661D812}.Debug|x86.Build.0 = Debug|Win32
		{F2544097-E90B-4EAB-B88C-30292661D812}.Release|x64.ActiveCfg = Release|x64
		{F2544097-E90B-4EAB-B88C-30292661D812}.Release|x64.Build.0 = Release|x64
		{F2544097-E90B-4EAB-B88C-30292661D812}.Release|x86.ActiveCfg = Release|Win32
		{F2544097-E90B-4EAB-B88C-30292661D812}.Release|x86.Build.0 = Release|Win32
		{0F900CFA-59E5-4B4C-AC95-0745600E8C13}.Debug|x64.ActiveCfg = Debug|x64
		{0F900CFA-59E5-4B4C-AC95-0745600E8C13}.Debug|x64.Build.0 = Debug|x64
		{0F900CFA-59E5-4B4C-AC95-0745600E8C13}.Debug|x86.ActiveCfg = Debug|Win32
		{0F900CFA-59E5-4B4C-AC95-0745600E8C13}.Debug|x86.Build.0 = Debug|Win32
		{0F900CFA-59E5-4B4C-AC95-0745600E8C13}.Release|x64.ActiveCfg = Release|x64
		{0F900CFA-59E5-4B4C-AC95-0745600E8C13}.Release|x64.Build.0 = Release|x64
		{0F900CFA-59E5-4B4C-AC95-0745600E8C13}.Release|x86.ActiveCfg = Release|Win32
		{0F900CFA-59E5-4B4C-AC95-0745600E8C13}.Release|x86.Build.0 = Release|Win32
		{6BFF45DB-1602-4700-95B1-C0B97B6E0A1F}.Debug|x64.ActiveCfg = Debug|x64
		{6BFF45DB-1602-4700-95B1-C0B97B6E0A1F}.Debug|x64.Build.0 = Debug|x64
		{6BFF45DB-1602-4700-95B1-C0B97B6E0A1F}.Debug|x86.ActiveCfg = Debug|Win32
		{6BFF45DB-1602-4700-95B1-C0B97B6E0A1F}.Debug|x86.Build.0 = Debug|Win32
		{6BFF45DB-1602-4700-95B1-C0B97B6E0A1F}.Release|x64.ActiveCfg = Release|x64
		{6BFF45DB-1602-4700-95B1-C0B97B6E0A1F}.Release|x64.Build.0 = Release|x64
		{6BFF45DB-1602-4700-95B1-C0B97B6E0A1F}.Release|x86.ActiveCfg = Release|Win32
		{6BFF45DB-1602-4700-95B1-C0B97B6E0A1F}.Release|x86.Build.0 = Release|Win32
		{A7405003-6459-4184-9999-8867B4B09FA0}.Debug|x64.ActiveCfg = Debug|x64
		{A7405003-6459-4184-9999-8867B4B09FA0}.Debug|x64.Build.0 = Debug|x64
		{A7405003-6459-4184-9999-8867B4B09FA0}.Debug|x86.ActiveCfg = Debug|Win32
		{A7405003-6459-4184-9999-8867B4B09FA0}.Debug|x86.Build.0 = Debug|Win32
		{A7405003-6459-4184-9999-8867B4B09FA0}.Release|x64.ActiveCfg = Release|x64
		{A7405003-6459-4184-9999-8867B4B09FA0}.Release|x64.Build.0 = Release|x64
		{A7405003-6459-4184-9999-8867B4B09FA0}.Release|x86.ActiveCfg = Release|Win32
		{A7405003-6459-4184-9999-8867B4B09FA0}.Release|x86.Build.0 = Release|Win32
	EndGlobalSection
	GlobalSection(SolutionProperties) = preSolution
		HideSolutionNode = FALSE
	EndGlobalSection
	GlobalSection(NestedProjects) = preSolution
		{CC81AB8F-4000-4624-A704-E471194D9F95} = {D7045D41-2540-4FAA-9D16-FB113326C3A7}
		{9583ECFF-879D-4907-B516-667B4E3C793E} = {D7045D41-2540-4FAA-9D16-FB113326C3A7}
		{1BECF1CD-1035-48E6-ABC7-D5A2E9AD3AC6} = {D7045D41-2540-4FAA-9D16-FB113326C3A7}
		{E43F582A-8297-437D-9A29-E9D9108266CC} = {D7045D41-2540-4FAA-9D16-FB113326C3A7}
		{942BB04D-146C-4B59-B05E-9DD402D0C69C} = {D7045D41-2540-4FAA-9D16-FB113326C3A7}
		{1CB16664-519A-4E64-AF27-EBA3DFD26351} = {D7045D41-2540-4FAA-9D16-FB113326C3A7}
		{05E7F114-D665-4436-A03D-3B632E8AF74B} = {D7045D41-2540-4FAA-9D16-FB113326C3A7}
		{D8CD4F51-0C3B-46D3-930A-7CC50B50C242} = {D7045D41-2540-4FAA-9D16-FB113326C3A7}
		{AC6904B2-7457-48C8-91A1-BD07C65E54C9} = {EBCBE457-AFD1-4FA9-BA51-3A79D45AB129}
		{0FE0C40F-333C-4814-81CB-F99DA044526D} = {EBCBE457-AFD1-4FA9-BA51-3A79D45AB129}
		{38EACF12-0E00-4A87-91FE-4845F95762D9} = {EBCBE457-AFD1-4FA9-BA51-3A79D45AB129}
		{CCE1062D-431E-4BC5-ABE5-C8F9537D27F4} = {EBCBE457-AFD1-4FA9-BA51-3A79D45AB129}
		{4554383A-B2DC-4AF5-87B4-A71483A5FC70} = {EBCBE457-AFD1-4FA9-BA51-3A79D45AB129}
		{71C19FFA-C0E0-43B7-AD38-CCE486831FEA} = {EBCBE457-AFD1-4FA9-BA51-3A79D45AB129}
		{83B2788C-ADBA-4D7C-86AC-84E593FC88A6} = {D8877BC2-628C-4B31-877D-E3E7EF817194}
		{343D8A9F-D71E-4450-BCAC-96673458AFEE} = {D8877BC2-628C-4B31-877D-E3E7EF817194}
		{DC3634CF-B268-4A35-9075-60CD384E2ADF} = {7A19D2BA-01FD-41CF-BB99-4E8F8849332B}
		{EC76E300-B6AE-4765-8548-EA5AF6B22C77} = {7A19D2BA-01FD-41CF-BB99-4E8F8849332B}
		{958C712C-B727-444F-8C0A-34C1CC868C4A} = {D8877BC2-628C-4B31-877D-E3E7EF817194}
		{3461F477-DC72-4E22-8B5D-056A81CD4547} = {D8877BC2-628C-4B31-877D-E3E7EF817194}
		{E9C37D52-56BF-4A6E-9DDF-A75ED941F004} = {D8877BC2-628C-4B31-877D-E3E7EF817194}
		{6E6D46E1-AC9E-4AE5-BB76-B757F8951CF7} = {EBCBE457-AFD1-4FA9-BA51-3A79D45AB129}
		{93C41B9B-C914-4B4F-80DC-0E83EA4EBD39} = {EBCBE457-AFD1-4FA9-BA51-3A79D45AB129}
		{DEEFEA85-CABF-4A87-B0C4-AF9122122C1A} = {EBCBE457-AFD1-4FA9-BA51-3A79D45AB129}
		{05E4FD2D-2C76-4BFB-BE3D-D4A7D8A7448E} = {7A19D2BA-01FD-41CF-BB99-4E8F8849332B}
		{A54AAF20-7D88-4ED3-B69C-79E30A9AC106} = {EBCBE457-AFD1-4FA9-BA51-3A79D45AB129}
		{942B0FE6-1204-47D0-9E48-78FF56783352} = {EBCBE457-AFD1-4FA9-BA51-3A79D45AB129}
		{90657AE5-69F9-4228-A554-09665F30C6B2} = {EBCBE457-AFD1-4FA9-BA51-3A79D45AB129}
		{D54F045C-3BB9-41E3-8C4D-82050179DEF1} = {EBCBE457-AFD1-4FA9-BA51-3A79D45AB129}
		{7A4131F1-CAB4-4528-967B-162AB2C5D169} = {7A19D2BA-01FD-41CF-BB99-4E8F8849332B}
		{F2544097-E90B-4EAB-B88C-30292661D812} = {3C62B5E1-9366-4805-8364-1A551C82220E}
		{0F900CFA-59E5-4B4C-AC95-0745600E8C13} = {3C62B5E1-9366-4805-8364-1A551C82220E}
		{6BFF45DB-1602-4700-95B1-C0B97B6E0A1F} = {3C62B5E1-9366-4805-8364-1A551C82220E}
		{A7405003-6459-4184-9999-8867B4B09FA0} = {3C62B5E1-9366-4805-8364-1A551C82220E}
	EndGlobalSection
	GlobalSection(ExtensibilityGlobals) = postSolution
		SolutionGuid = {61DD6BCF-D4FD-4C57-AD7D-CDE59E3A8B09}
	EndGlobalSection
EndGlobal
