
Microsoft Visual Studio Solution File, Format Version 12.00
# Visual Studio Version 16
VisualStudioVersion = 16.0.32602.291
MinimumVisualStudioVersion = 10.0.40219.1
Project("{8BC9CEB8-8B4A-11D0-8D11-00A0C91BC942}") = "hanoi_tower", "c_Lang_1\c_Lang_1.vcxproj", "{CC81AB8F-4000-4624-A704-E471194D9F95}"
EndProject
Project("{8BC9CEB8-8B4A-11D0-8D11-00A0C91BC942}") = "c_0", "C_Lang_0\C_Lang_0.vcxproj", "{9583ECFF-879D-4907-B516-667B4E3C793E}"
EndProject
Project("{2150E333-8FDC-42A3-9474-1A3956D46DE8}") = "c", "c", "{D7045D41-2540-4FAA-9D16-FB113326C3A7}"
EndProject
Project("{2150E333-8FDC-42A3-9474-1A3956D46DE8}") = "cpp", "cpp", "{D8877BC2-628C-4B31-877D-E3E7EF817194}"
EndProject
Project("{8BC9CEB8-8B4A-11D0-8D11-00A0C91BC942}") = "mahomaho", "mahomaho\mahomaho.vcxproj", "{1BECF1CD-1035-48E6-ABC7-D5A2E9AD3AC6}"
EndProject
Project("{8BC9CEB8-8B4A-11D0-8D11-00A0C91BC942}") = "fileIO_1", "fileIO_1\fileIO_1.vcxproj", "{E43F582A-8297-437D-9A29-E9D9108266CC}"
EndProject
Project("{8BC9CEB8-8B4A-11D0-8D11-00A0C91BC942}") = "ahahgruta", "ahahgruta\ahahgruta.vcxproj", "{942BB04D-146C-4B59-B05E-9DD402D0C69C}"
EndProject
Project("{8BC9CEB8-8B4A-11D0-8D11-00A0C91BC942}") = "LL_0", "LL_0\LL_0.vcxproj", "{1CB16664-519A-4E64-AF27-EBA3DFD26351}"
EndProject
Project("{8BC9CEB8-8B4A-11D0-8D11-00A0C91BC942}") = "LL_1", "LL_1\LL_1.vcxproj", "{05E7F114-D665-4436-A03D-3B632E8AF74B}"
EndProject
Project("{8BC9CEB8-8B4A-11D0-8D11-00A0C91BC942}") = "LinkedListLibrary", "LinkedListLibrary\LinkedListLibrary.vcxproj", "{D8CD4F51-0C3B-46D3-930A-7CC50B50C242}"
EndProject
Project("{2150E333-8FDC-42A3-9474-1A3956D46DE8}") = "data_structure", "data_structure", "{EBCBE457-AFD1-4FA9-BA51-3A79D45AB129}"
EndProject
Project("{8BC9CEB8-8B4A-11D0-8D11-00A0C91BC942}") = "stack_array", "stack_array\stack_array.vcxproj", "{AC6904B2-7457-48C8-91A1-BD07C65E54C9}"
EndProject
Project("{8BC9CEB8-8B4A-11D0-8D11-00A0C91BC942}") = "queue_array", "queue_array\queue_array.vcxproj", "{0FE0C40F-333C-4814-81CB-F99DA044526D}"
EndProject
Project("{8BC9CEB8-8B4A-11D0-8D11-00A0C91BC942}") = "circular_queue_array", "circular_queue_array\circular_queue_array.vcxproj", "{38EACF12-0E00-4A87-91FE-4845F95762D9}"
EndProject
Project("{8BC9CEB8-8B4A-11D0-8D11-00A0C91BC942}") = "circular_queue_array_1", "circular_queue_array_1\circular_queue_array_1.vcxproj", "{CCE1062D-431E-4BC5-ABE5-C8F9537D27F4}"
EndProject
Project("{8BC9CEB8-8B4A-11D0-8D11-00A0C91BC942}") = "stack_LL", "stack_LL\stack_LL.vcxproj", "{4554383A-B2DC-4AF5-87B4-A71483A5FC70}"
EndProject
Project("{8BC9CEB8-8B4A-11D0-8D11-00A0C91BC942}") = "queue_LL", "queue_LL\queue_LL.vcxproj", "{71C19FFA-C0E0-43B7-AD38-CCE486831FEA}"
EndProject
Project("{8BC9CEB8-8B4A-11D0-8D11-00A0C91BC942}") = "LL", "LinkedList_cpp\LinkedList_cpp.vcxproj", "{83B2788C-ADBA-4D7C-86AC-84E593FC88A6}"
EndProject
Project("{8BC9CEB8-8B4A-11D0-8D11-00A0C91BC942}") = "stack_cpp", "stack_cpp\stack_cpp.vcxproj", "{343D8A9F-D71E-4450-BCAC-96673458AFEE}"
EndProject
Project("{2150E333-8FDC-42A3-9474-1A3956D46DE8}") = "test", "test", "{7A19D2BA-01FD-41CF-BB99-4E8F8849332B}"
EndProject
Project("{8BC9CEB8-8B4A-11D0-8D11-00A0C91BC942}") = "const_0", "const_0\const_0.vcxproj", "{DC3634CF-B268-4A35-9075-60CD384E2ADF}"
EndProject
Project("{8BC9CEB8-8B4A-11D0-8D11-00A0C91BC942}") = "const_1", "const_1\const_1.vcxproj", "{EC76E300-B6AE-4765-8548-EA5AF6B22C77}"
EndProject
Project("{8BC9CEB8-8B4A-11D0-8D11-00A0C91BC942}") = "LL_const", "LL_const\LL_const.vcxproj", "{958C712C-B727-444F-8C0A-34C1CC868C4A}"
EndProject
Project("{8BC9CEB8-8B4A-11D0-8D11-00A0C91BC942}") = "LL_T", "LL_T\LL_T.vcxproj", "{3461F477-DC72-4E22-8B5D-056A81CD4547}"
EndProject
Project("{8BC9CEB8-8B4A-11D0-8D11-00A0C91BC942}") = "jotso", "jotso\jotso.vcxproj", "{E9C37D52-56BF-4A6E-9DDF-A75ED941F004}"
EndProject
Project("{8BC9CEB8-8B4A-11D0-8D11-00A0C91BC942}") = "sort", "sort\sort.vcxproj", "{6E6D46E1-AC9E-4AE5-BB76-B757F8951CF7}"
EndProject
Project("{8BC9CEB8-8B4A-11D0-8D11-00A0C91BC942}") = "tree_0", "tree_0\tree_0.vcxproj", "{93C41B9B-C914-4B4F-80DC-0E83EA4EBD39}"
EndProject
Project("{8BC9CEB8-8B4A-11D0-8D11-00A0C91BC942}") = "tree_1", "tree_1\tree_1.vcxproj", "{DEEFEA85-CABF-4A87-B0C4-AF9122122C1A}"
EndProject
Project("{8BC9CEB8-8B4A-11D0-8D11-00A0C91BC942}") = "Pointer_and_Reference", "Pointer_and_Reference\Pointer_and_Reference.vcxproj", "{05E4FD2D-2C76-4BFB-BE3D-D4A7D8A7448E}"
EndProject
Project("{8BC9CEB8-8B4A-11D0-8D11-00A0C91BC942}") = "tree_2_RBT", "tree_2_RBT\tree_2_RBT.vcxproj", "{A54AAF20-7D88-4ED3-B69C-79E30A9AC106}"
EndProject
Project("{8BC9CEB8-8B4A-11D0-8D11-00A0C91BC942}") = "quad_tree_0", "quad_tree_0\quad_tree_0.vcxproj", "{942B0FE6-1204-47D0-9E48-78FF56783352}"
EndProject
Project("{8BC9CEB8-8B4A-11D0-8D11-00A0C91BC942}") = "octree_0", "octree_0\octree_0.vcxproj", "{90657AE5-69F9-4228-A554-09665F30C6B2}"
EndProject
Project("{8BC9CEB8-8B4A-11D0-8D11-00A0C91BC942}") = "octree_1", "octree_1\octree_1.vcxproj", "{D54F045C-3BB9-41E3-8C4D-82050179DEF1}"
EndProject
Project("{8BC9CEB8-8B4A-11D0-8D11-00A0C91BC942}") = "DeepDarkFantasies", "DeepDarkFantasies\DeepDarkFantasies.vcxproj", "{7A4131F1-CAB4-4528-967B-162AB2C5D169}"
EndProject
Project("{2150E333-8FDC-42A3-9474-1A3956D46DE8}") = "directX", "directX", "{3C62B5E1-9366-4805-8364-1A551C82220E}"
EndProject
Project("{8BC9CEB8-8B4A-11D0-8D11-00A0C91BC942}") = "Window", "k_Window\k_Window.vcxproj", "{F2544097-E90B-4EAB-B88C-30292661D812}"
EndProject
Project("{8BC9CEB8-8B4A-11D0-8D11-00A0C91BC942}") = "WIndow_1", "k_WIndow_0\k_WIndow_0.vcxproj", "{0F900CFA-59E5-4B4C-AC95-0745600E8C13}"
EndProject
Project("{8BC9CEB8-8B4A-11D0-8D11-00A0C91BC942}") = "DirectX_0", "k_DirectX_0\k_DirectX_0.vcxproj", "{6BFF45DB-1602-4700-95B1-C0B97B6E0A1F}"
EndProject
Project("{8BC9CEB8-8B4A-11D0-8D11-00A0C91BC942}") = "OctreeDraw", "OctreeDraw\OctreeDraw.vcxproj", "{A7405003-6459-4184-9999-8867B4B09FA0}"
EndProject
Project("{8BC9CEB8-8B4A-11D0-8D11-00A0C91BC942}") = "DirectX_1_CreateTriangle", "K_DirectX_1\K_DirectX_1.vcxproj", "{1DDA7EF3-0B3F-49E5-87D1-37DC52B17696}"
EndProject
Project("{8BC9CEB8-8B4A-11D0-8D11-00A0C91BC942}") = "why", "why\why.vcxproj", "{7F04B00D-B131-4055-8776-1593B7FBF2FB}"
EndProject
Project("{8BC9CEB8-8B4A-11D0-8D11-00A0C91BC942}") = "OctreeDraw_1", "OctreeDraw_1\OctreeDraw_1.vcxproj", "{384C2D47-66FC-4C02-9FBE-108A9D6DB29E}"
EndProject
Project("{8BC9CEB8-8B4A-11D0-8D11-00A0C91BC942}") = "DirectX_3_CreateTexture_1", "DirextX_3_CreateTexture\DirextX_3_CreateTexture.vcxproj", "{8F77546B-961C-43F3-9EEF-5A7F0C90C15C}"
EndProject
Project("{8BC9CEB8-8B4A-11D0-8D11-00A0C91BC942}") = "DirectX_3_CreateTexture", "DirectX_3_CreateTexture\DirectX_3_CreateTexture.vcxproj", "{E6CFC555-FD20-41C6-BE51-193B625C8629}"
EndProject
Project("{8BC9CEB8-8B4A-11D0-8D11-00A0C91BC942}") = "test3264", "test3264\test3264.vcxproj", "{41837D61-9ACB-4A51-B5DA-12642A1A3675}"
EndProject
Project("{8BC9CEB8-8B4A-11D0-8D11-00A0C91BC942}") = "DirectX_4_CreateTextureObject", "DirectX_4_CreateTextureObject\DirectX_4_CreateTextureObject.vcxproj", "{1025C659-2ACE-42C4-A6BD-F31DAEA5FF02}"
EndProject
Project("{8BC9CEB8-8B4A-11D0-8D11-00A0C91BC942}") = "DirectX_5_CreateObject", "DirectX_5_CreateObject\DirectX_5_CreateObject.vcxproj", "{44EE23D8-1998-4347-B196-E7A7C3009E8E}"
EndProject
Project("{8BC9CEB8-8B4A-11D0-8D11-00A0C91BC942}") = "LibTest", "LibTest\LibTest.vcxproj", "{67846940-1AB9-4DD7-BDFD-42481FCB6808}"
EndProject
Project("{8BC9CEB8-8B4A-11D0-8D11-00A0C91BC942}") = "DirectX_6_GameCore", "DirectX_6_GameCore\DirectX_6_GameCore.vcxproj", "{3FB17FCA-0B7A-4835-A84C-29A36456EA3E}"
EndProject
Project("{8BC9CEB8-8B4A-11D0-8D11-00A0C91BC942}") = "DirectX_2_Shader", "DirectX_2\DirextX_2.vcxproj", "{8001E66D-FF41-46F8-97DE-50A7F438D741}"
EndProject
Project("{8BC9CEB8-8B4A-11D0-8D11-00A0C91BC942}") = "DirectX_7_Sprite", "DirectX_7_Sprite\DirectX_7_Sprite.vcxproj", "{741503FC-4320-4A5B-B165-AA4BF6C5F333}"
EndProject
Project("{8BC9CEB8-8B4A-11D0-8D11-00A0C91BC942}") = "DirectX_8_Sprite_0", "DirectX_8_Sprite_0\DirectX_8_Sprite_0.vcxproj", "{84FB2FF4-D445-4E8B-8CC8-3A65F487FF6D}"
EndProject
Project("{8BC9CEB8-8B4A-11D0-8D11-00A0C91BC942}") = "LibTest_0", "LibTest_0\LibTest_0.vcxproj", "{40385D93-F630-4735-8185-F6955B7800B6}"
EndProject
Project("{8BC9CEB8-8B4A-11D0-8D11-00A0C91BC942}") = "KymGameCore", "KymGameCore\KymGameCore.vcxproj", "{C90AF616-923E-486F-BD3C-0473C139CDBE}"
EndProject
Project("{8BC9CEB8-8B4A-11D0-8D11-00A0C91BC942}") = "LibTest_1_Scene", "LibTest_1_Scene\LibTest_1_Scene.vcxproj", "{BB2C8312-3676-41FE-93AB-5544B49F6318}"
EndProject
Project("{8BC9CEB8-8B4A-11D0-8D11-00A0C91BC942}") = "LibTest_2_Sound", "LibTest_2_Sound\LibTest_2_Sound.vcxproj", "{E4670547-4942-4E6E-A32E-F0C86E51910C}"
EndProject
Project("{8BC9CEB8-8B4A-11D0-8D11-00A0C91BC942}") = "LibTest_Standard", "LibTest_Standard\LibTest_Standard.vcxproj", "{D81B2F9D-1B3D-4D66-943A-EEC5008B268C}"
EndProject
Project("{8BC9CEB8-8B4A-11D0-8D11-00A0C91BC942}") = "LibTest_3_SoundManager", "LibTest_3_SoundManager\LibTest_3_SoundManager.vcxproj", "{80C4E763-C0C7-4E02-BA62-945A973D575C}"
EndProject
Project("{8BC9CEB8-8B4A-11D0-8D11-00A0C91BC942}") = "LibTest_4_Camera", "LibTest_4_Camera\LibTest_4_Camera.vcxproj", "{8FF5BE60-ABEF-43C9-A6AA-0D6D161E43FB}"
EndProject
Project("{2150E333-8FDC-42A3-9474-1A3956D46DE8}") = "MyGame", "MyGame", "{3E495576-D2A2-4E58-9B0B-B688137AABE5}"
EndProject
Project("{8BC9CEB8-8B4A-11D0-8D11-00A0C91BC942}") = "KYM_2D_Game", "KYM_2D_Game\KYM_2D_Game.vcxproj", "{57C57EC2-43C1-4DB1-BF14-D5AAF82F2467}"
EndProject
Global
	GlobalSection(SolutionConfigurationPlatforms) = preSolution
		Debug|ARM = Debug|ARM
		Debug|ARM64 = Debug|ARM64
		Debug|x64 = Debug|x64
		Debug|x86 = Debug|x86
		Release|ARM = Release|ARM
		Release|ARM64 = Release|ARM64
		Release|x64 = Release|x64
		Release|x86 = Release|x86
	EndGlobalSection
	GlobalSection(ProjectConfigurationPlatforms) = postSolution
		{CC81AB8F-4000-4624-A704-E471194D9F95}.Debug|ARM.ActiveCfg = Debug|x64
		{CC81AB8F-4000-4624-A704-E471194D9F95}.Debug|ARM64.ActiveCfg = Debug|Win32
		{CC81AB8F-4000-4624-A704-E471194D9F95}.Debug|x64.ActiveCfg = Debug|x64
		{CC81AB8F-4000-4624-A704-E471194D9F95}.Debug|x64.Build.0 = Debug|x64
		{CC81AB8F-4000-4624-A704-E471194D9F95}.Debug|x86.ActiveCfg = Debug|Win32
		{CC81AB8F-4000-4624-A704-E471194D9F95}.Debug|x86.Build.0 = Debug|Win32
		{CC81AB8F-4000-4624-A704-E471194D9F95}.Release|ARM.ActiveCfg = Release|Win32
		{CC81AB8F-4000-4624-A704-E471194D9F95}.Release|ARM64.ActiveCfg = Release|Win32
		{CC81AB8F-4000-4624-A704-E471194D9F95}.Release|x64.ActiveCfg = Release|x64
		{CC81AB8F-4000-4624-A704-E471194D9F95}.Release|x64.Build.0 = Release|x64
		{CC81AB8F-4000-4624-A704-E471194D9F95}.Release|x86.ActiveCfg = Release|Win32
		{CC81AB8F-4000-4624-A704-E471194D9F95}.Release|x86.Build.0 = Release|Win32
		{9583ECFF-879D-4907-B516-667B4E3C793E}.Debug|ARM.ActiveCfg = Debug|x64
		{9583ECFF-879D-4907-B516-667B4E3C793E}.Debug|ARM64.ActiveCfg = Debug|Win32
		{9583ECFF-879D-4907-B516-667B4E3C793E}.Debug|x64.ActiveCfg = Debug|x64
		{9583ECFF-879D-4907-B516-667B4E3C793E}.Debug|x64.Build.0 = Debug|x64
		{9583ECFF-879D-4907-B516-667B4E3C793E}.Debug|x86.ActiveCfg = Debug|Win32
		{9583ECFF-879D-4907-B516-667B4E3C793E}.Debug|x86.Build.0 = Debug|Win32
		{9583ECFF-879D-4907-B516-667B4E3C793E}.Release|ARM.ActiveCfg = Release|Win32
		{9583ECFF-879D-4907-B516-667B4E3C793E}.Release|ARM64.ActiveCfg = Release|Win32
		{9583ECFF-879D-4907-B516-667B4E3C793E}.Release|x64.ActiveCfg = Release|x64
		{9583ECFF-879D-4907-B516-667B4E3C793E}.Release|x64.Build.0 = Release|x64
		{9583ECFF-879D-4907-B516-667B4E3C793E}.Release|x86.ActiveCfg = Release|Win32
		{9583ECFF-879D-4907-B516-667B4E3C793E}.Release|x86.Build.0 = Release|Win32
		{1BECF1CD-1035-48E6-ABC7-D5A2E9AD3AC6}.Debug|ARM.ActiveCfg = Debug|x64
		{1BECF1CD-1035-48E6-ABC7-D5A2E9AD3AC6}.Debug|ARM64.ActiveCfg = Debug|Win32
		{1BECF1CD-1035-48E6-ABC7-D5A2E9AD3AC6}.Debug|x64.ActiveCfg = Debug|x64
		{1BECF1CD-1035-48E6-ABC7-D5A2E9AD3AC6}.Debug|x64.Build.0 = Debug|x64
		{1BECF1CD-1035-48E6-ABC7-D5A2E9AD3AC6}.Debug|x86.ActiveCfg = Debug|Win32
		{1BECF1CD-1035-48E6-ABC7-D5A2E9AD3AC6}.Debug|x86.Build.0 = Debug|Win32
		{1BECF1CD-1035-48E6-ABC7-D5A2E9AD3AC6}.Release|ARM.ActiveCfg = Release|Win32
		{1BECF1CD-1035-48E6-ABC7-D5A2E9AD3AC6}.Release|ARM64.ActiveCfg = Release|Win32
		{1BECF1CD-1035-48E6-ABC7-D5A2E9AD3AC6}.Release|x64.ActiveCfg = Release|x64
		{1BECF1CD-1035-48E6-ABC7-D5A2E9AD3AC6}.Release|x64.Build.0 = Release|x64
		{1BECF1CD-1035-48E6-ABC7-D5A2E9AD3AC6}.Release|x86.ActiveCfg = Release|Win32
		{1BECF1CD-1035-48E6-ABC7-D5A2E9AD3AC6}.Release|x86.Build.0 = Release|Win32
		{E43F582A-8297-437D-9A29-E9D9108266CC}.Debug|ARM.ActiveCfg = Debug|x64
		{E43F582A-8297-437D-9A29-E9D9108266CC}.Debug|ARM64.ActiveCfg = Debug|Win32
		{E43F582A-8297-437D-9A29-E9D9108266CC}.Debug|x64.ActiveCfg = Debug|x64
		{E43F582A-8297-437D-9A29-E9D9108266CC}.Debug|x64.Build.0 = Debug|x64
		{E43F582A-8297-437D-9A29-E9D9108266CC}.Debug|x86.ActiveCfg = Debug|Win32
		{E43F582A-8297-437D-9A29-E9D9108266CC}.Debug|x86.Build.0 = Debug|Win32
		{E43F582A-8297-437D-9A29-E9D9108266CC}.Release|ARM.ActiveCfg = Release|Win32
		{E43F582A-8297-437D-9A29-E9D9108266CC}.Release|ARM64.ActiveCfg = Release|Win32
		{E43F582A-8297-437D-9A29-E9D9108266CC}.Release|x64.ActiveCfg = Release|x64
		{E43F582A-8297-437D-9A29-E9D9108266CC}.Release|x64.Build.0 = Release|x64
		{E43F582A-8297-437D-9A29-E9D9108266CC}.Release|x86.ActiveCfg = Release|Win32
		{E43F582A-8297-437D-9A29-E9D9108266CC}.Release|x86.Build.0 = Release|Win32
		{942BB04D-146C-4B59-B05E-9DD402D0C69C}.Debug|ARM.ActiveCfg = Debug|x64
		{942BB04D-146C-4B59-B05E-9DD402D0C69C}.Debug|ARM64.ActiveCfg = Debug|Win32
		{942BB04D-146C-4B59-B05E-9DD402D0C69C}.Debug|x64.ActiveCfg = Debug|x64
		{942BB04D-146C-4B59-B05E-9DD402D0C69C}.Debug|x64.Build.0 = Debug|x64
		{942BB04D-146C-4B59-B05E-9DD402D0C69C}.Debug|x86.ActiveCfg = Debug|Win32
		{942BB04D-146C-4B59-B05E-9DD402D0C69C}.Debug|x86.Build.0 = Debug|Win32
		{942BB04D-146C-4B59-B05E-9DD402D0C69C}.Release|ARM.ActiveCfg = Release|Win32
		{942BB04D-146C-4B59-B05E-9DD402D0C69C}.Release|ARM64.ActiveCfg = Release|Win32
		{942BB04D-146C-4B59-B05E-9DD402D0C69C}.Release|x64.ActiveCfg = Release|x64
		{942BB04D-146C-4B59-B05E-9DD402D0C69C}.Release|x64.Build.0 = Release|x64
		{942BB04D-146C-4B59-B05E-9DD402D0C69C}.Release|x86.ActiveCfg = Release|Win32
		{942BB04D-146C-4B59-B05E-9DD402D0C69C}.Release|x86.Build.0 = Release|Win32
		{1CB16664-519A-4E64-AF27-EBA3DFD26351}.Debug|ARM.ActiveCfg = Debug|x64
		{1CB16664-519A-4E64-AF27-EBA3DFD26351}.Debug|ARM64.ActiveCfg = Debug|Win32
		{1CB16664-519A-4E64-AF27-EBA3DFD26351}.Debug|x64.ActiveCfg = Debug|x64
		{1CB16664-519A-4E64-AF27-EBA3DFD26351}.Debug|x64.Build.0 = Debug|x64
		{1CB16664-519A-4E64-AF27-EBA3DFD26351}.Debug|x86.ActiveCfg = Debug|Win32
		{1CB16664-519A-4E64-AF27-EBA3DFD26351}.Debug|x86.Build.0 = Debug|Win32
		{1CB16664-519A-4E64-AF27-EBA3DFD26351}.Release|ARM.ActiveCfg = Release|Win32
		{1CB16664-519A-4E64-AF27-EBA3DFD26351}.Release|ARM64.ActiveCfg = Release|Win32
		{1CB16664-519A-4E64-AF27-EBA3DFD26351}.Release|x64.ActiveCfg = Release|x64
		{1CB16664-519A-4E64-AF27-EBA3DFD26351}.Release|x64.Build.0 = Release|x64
		{1CB16664-519A-4E64-AF27-EBA3DFD26351}.Release|x86.ActiveCfg = Release|Win32
		{1CB16664-519A-4E64-AF27-EBA3DFD26351}.Release|x86.Build.0 = Release|Win32
		{05E7F114-D665-4436-A03D-3B632E8AF74B}.Debug|ARM.ActiveCfg = Debug|x64
		{05E7F114-D665-4436-A03D-3B632E8AF74B}.Debug|ARM64.ActiveCfg = Debug|Win32
		{05E7F114-D665-4436-A03D-3B632E8AF74B}.Debug|x64.ActiveCfg = Debug|x64
		{05E7F114-D665-4436-A03D-3B632E8AF74B}.Debug|x64.Build.0 = Debug|x64
		{05E7F114-D665-4436-A03D-3B632E8AF74B}.Debug|x86.ActiveCfg = Debug|Win32
		{05E7F114-D665-4436-A03D-3B632E8AF74B}.Debug|x86.Build.0 = Debug|Win32
		{05E7F114-D665-4436-A03D-3B632E8AF74B}.Release|ARM.ActiveCfg = Release|Win32
		{05E7F114-D665-4436-A03D-3B632E8AF74B}.Release|ARM64.ActiveCfg = Release|Win32
		{05E7F114-D665-4436-A03D-3B632E8AF74B}.Release|x64.ActiveCfg = Release|x64
		{05E7F114-D665-4436-A03D-3B632E8AF74B}.Release|x64.Build.0 = Release|x64
		{05E7F114-D665-4436-A03D-3B632E8AF74B}.Release|x86.ActiveCfg = Release|Win32
		{05E7F114-D665-4436-A03D-3B632E8AF74B}.Release|x86.Build.0 = Release|Win32
		{D8CD4F51-0C3B-46D3-930A-7CC50B50C242}.Debug|ARM.ActiveCfg = Debug|x64
		{D8CD4F51-0C3B-46D3-930A-7CC50B50C242}.Debug|ARM64.ActiveCfg = Debug|Win32
		{D8CD4F51-0C3B-46D3-930A-7CC50B50C242}.Debug|x64.ActiveCfg = Debug|x64
		{D8CD4F51-0C3B-46D3-930A-7CC50B50C242}.Debug|x64.Build.0 = Debug|x64
		{D8CD4F51-0C3B-46D3-930A-7CC50B50C242}.Debug|x86.ActiveCfg = Debug|Win32
		{D8CD4F51-0C3B-46D3-930A-7CC50B50C242}.Debug|x86.Build.0 = Debug|Win32
		{D8CD4F51-0C3B-46D3-930A-7CC50B50C242}.Release|ARM.ActiveCfg = Release|Win32
		{D8CD4F51-0C3B-46D3-930A-7CC50B50C242}.Release|ARM64.ActiveCfg = Release|Win32
		{D8CD4F51-0C3B-46D3-930A-7CC50B50C242}.Release|x64.ActiveCfg = Release|x64
		{D8CD4F51-0C3B-46D3-930A-7CC50B50C242}.Release|x64.Build.0 = Release|x64
		{D8CD4F51-0C3B-46D3-930A-7CC50B50C242}.Release|x86.ActiveCfg = Release|Win32
		{D8CD4F51-0C3B-46D3-930A-7CC50B50C242}.Release|x86.Build.0 = Release|Win32
		{AC6904B2-7457-48C8-91A1-BD07C65E54C9}.Debug|ARM.ActiveCfg = Debug|x64
		{AC6904B2-7457-48C8-91A1-BD07C65E54C9}.Debug|ARM64.ActiveCfg = Debug|Win32
		{AC6904B2-7457-48C8-91A1-BD07C65E54C9}.Debug|x64.ActiveCfg = Debug|x64
		{AC6904B2-7457-48C8-91A1-BD07C65E54C9}.Debug|x64.Build.0 = Debug|x64
		{AC6904B2-7457-48C8-91A1-BD07C65E54C9}.Debug|x86.ActiveCfg = Debug|Win32
		{AC6904B2-7457-48C8-91A1-BD07C65E54C9}.Debug|x86.Build.0 = Debug|Win32
		{AC6904B2-7457-48C8-91A1-BD07C65E54C9}.Release|ARM.ActiveCfg = Release|Win32
		{AC6904B2-7457-48C8-91A1-BD07C65E54C9}.Release|ARM64.ActiveCfg = Release|Win32
		{AC6904B2-7457-48C8-91A1-BD07C65E54C9}.Release|x64.ActiveCfg = Release|x64
		{AC6904B2-7457-48C8-91A1-BD07C65E54C9}.Release|x64.Build.0 = Release|x64
		{AC6904B2-7457-48C8-91A1-BD07C65E54C9}.Release|x86.ActiveCfg = Release|Win32
		{AC6904B2-7457-48C8-91A1-BD07C65E54C9}.Release|x86.Build.0 = Release|Win32
		{0FE0C40F-333C-4814-81CB-F99DA044526D}.Debug|ARM.ActiveCfg = Debug|x64
		{0FE0C40F-333C-4814-81CB-F99DA044526D}.Debug|ARM64.ActiveCfg = Debug|Win32
		{0FE0C40F-333C-4814-81CB-F99DA044526D}.Debug|x64.ActiveCfg = Debug|x64
		{0FE0C40F-333C-4814-81CB-F99DA044526D}.Debug|x64.Build.0 = Debug|x64
		{0FE0C40F-333C-4814-81CB-F99DA044526D}.Debug|x86.ActiveCfg = Debug|Win32
		{0FE0C40F-333C-4814-81CB-F99DA044526D}.Debug|x86.Build.0 = Debug|Win32
		{0FE0C40F-333C-4814-81CB-F99DA044526D}.Release|ARM.ActiveCfg = Release|Win32
		{0FE0C40F-333C-4814-81CB-F99DA044526D}.Release|ARM64.ActiveCfg = Release|Win32
		{0FE0C40F-333C-4814-81CB-F99DA044526D}.Release|x64.ActiveCfg = Release|x64
		{0FE0C40F-333C-4814-81CB-F99DA044526D}.Release|x64.Build.0 = Release|x64
		{0FE0C40F-333C-4814-81CB-F99DA044526D}.Release|x86.ActiveCfg = Release|Win32
		{0FE0C40F-333C-4814-81CB-F99DA044526D}.Release|x86.Build.0 = Release|Win32
		{38EACF12-0E00-4A87-91FE-4845F95762D9}.Debug|ARM.ActiveCfg = Debug|x64
		{38EACF12-0E00-4A87-91FE-4845F95762D9}.Debug|ARM64.ActiveCfg = Debug|Win32
		{38EACF12-0E00-4A87-91FE-4845F95762D9}.Debug|x64.ActiveCfg = Debug|x64
		{38EACF12-0E00-4A87-91FE-4845F95762D9}.Debug|x64.Build.0 = Debug|x64
		{38EACF12-0E00-4A87-91FE-4845F95762D9}.Debug|x86.ActiveCfg = Debug|Win32
		{38EACF12-0E00-4A87-91FE-4845F95762D9}.Debug|x86.Build.0 = Debug|Win32
		{38EACF12-0E00-4A87-91FE-4845F95762D9}.Release|ARM.ActiveCfg = Release|Win32
		{38EACF12-0E00-4A87-91FE-4845F95762D9}.Release|ARM64.ActiveCfg = Release|Win32
		{38EACF12-0E00-4A87-91FE-4845F95762D9}.Release|x64.ActiveCfg = Release|x64
		{38EACF12-0E00-4A87-91FE-4845F95762D9}.Release|x64.Build.0 = Release|x64
		{38EACF12-0E00-4A87-91FE-4845F95762D9}.Release|x86.ActiveCfg = Release|Win32
		{38EACF12-0E00-4A87-91FE-4845F95762D9}.Release|x86.Build.0 = Release|Win32
		{CCE1062D-431E-4BC5-ABE5-C8F9537D27F4}.Debug|ARM.ActiveCfg = Debug|x64
		{CCE1062D-431E-4BC5-ABE5-C8F9537D27F4}.Debug|ARM64.ActiveCfg = Debug|Win32
		{CCE1062D-431E-4BC5-ABE5-C8F9537D27F4}.Debug|x64.ActiveCfg = Debug|x64
		{CCE1062D-431E-4BC5-ABE5-C8F9537D27F4}.Debug|x64.Build.0 = Debug|x64
		{CCE1062D-431E-4BC5-ABE5-C8F9537D27F4}.Debug|x86.ActiveCfg = Debug|Win32
		{CCE1062D-431E-4BC5-ABE5-C8F9537D27F4}.Debug|x86.Build.0 = Debug|Win32
		{CCE1062D-431E-4BC5-ABE5-C8F9537D27F4}.Release|ARM.ActiveCfg = Release|Win32
		{CCE1062D-431E-4BC5-ABE5-C8F9537D27F4}.Release|ARM64.ActiveCfg = Release|Win32
		{CCE1062D-431E-4BC5-ABE5-C8F9537D27F4}.Release|x64.ActiveCfg = Release|x64
		{CCE1062D-431E-4BC5-ABE5-C8F9537D27F4}.Release|x64.Build.0 = Release|x64
		{CCE1062D-431E-4BC5-ABE5-C8F9537D27F4}.Release|x86.ActiveCfg = Release|Win32
		{CCE1062D-431E-4BC5-ABE5-C8F9537D27F4}.Release|x86.Build.0 = Release|Win32
		{4554383A-B2DC-4AF5-87B4-A71483A5FC70}.Debug|ARM.ActiveCfg = Debug|x64
		{4554383A-B2DC-4AF5-87B4-A71483A5FC70}.Debug|ARM64.ActiveCfg = Debug|Win32
		{4554383A-B2DC-4AF5-87B4-A71483A5FC70}.Debug|x64.ActiveCfg = Debug|x64
		{4554383A-B2DC-4AF5-87B4-A71483A5FC70}.Debug|x64.Build.0 = Debug|x64
		{4554383A-B2DC-4AF5-87B4-A71483A5FC70}.Debug|x86.ActiveCfg = Debug|Win32
		{4554383A-B2DC-4AF5-87B4-A71483A5FC70}.Debug|x86.Build.0 = Debug|Win32
		{4554383A-B2DC-4AF5-87B4-A71483A5FC70}.Release|ARM.ActiveCfg = Release|Win32
		{4554383A-B2DC-4AF5-87B4-A71483A5FC70}.Release|ARM64.ActiveCfg = Release|Win32
		{4554383A-B2DC-4AF5-87B4-A71483A5FC70}.Release|x64.ActiveCfg = Release|x64
		{4554383A-B2DC-4AF5-87B4-A71483A5FC70}.Release|x64.Build.0 = Release|x64
		{4554383A-B2DC-4AF5-87B4-A71483A5FC70}.Release|x86.ActiveCfg = Release|Win32
		{4554383A-B2DC-4AF5-87B4-A71483A5FC70}.Release|x86.Build.0 = Release|Win32
		{71C19FFA-C0E0-43B7-AD38-CCE486831FEA}.Debug|ARM.ActiveCfg = Debug|x64
		{71C19FFA-C0E0-43B7-AD38-CCE486831FEA}.Debug|ARM64.ActiveCfg = Debug|Win32
		{71C19FFA-C0E0-43B7-AD38-CCE486831FEA}.Debug|x64.ActiveCfg = Debug|x64
		{71C19FFA-C0E0-43B7-AD38-CCE486831FEA}.Debug|x64.Build.0 = Debug|x64
		{71C19FFA-C0E0-43B7-AD38-CCE486831FEA}.Debug|x86.ActiveCfg = Debug|Win32
		{71C19FFA-C0E0-43B7-AD38-CCE486831FEA}.Debug|x86.Build.0 = Debug|Win32
		{71C19FFA-C0E0-43B7-AD38-CCE486831FEA}.Release|ARM.ActiveCfg = Release|Win32
		{71C19FFA-C0E0-43B7-AD38-CCE486831FEA}.Release|ARM64.ActiveCfg = Release|Win32
		{71C19FFA-C0E0-43B7-AD38-CCE486831FEA}.Release|x64.ActiveCfg = Release|x64
		{71C19FFA-C0E0-43B7-AD38-CCE486831FEA}.Release|x64.Build.0 = Release|x64
		{71C19FFA-C0E0-43B7-AD38-CCE486831FEA}.Release|x86.ActiveCfg = Release|Win32
		{71C19FFA-C0E0-43B7-AD38-CCE486831FEA}.Release|x86.Build.0 = Release|Win32
		{83B2788C-ADBA-4D7C-86AC-84E593FC88A6}.Debug|ARM.ActiveCfg = Debug|x64
		{83B2788C-ADBA-4D7C-86AC-84E593FC88A6}.Debug|ARM64.ActiveCfg = Debug|Win32
		{83B2788C-ADBA-4D7C-86AC-84E593FC88A6}.Debug|x64.ActiveCfg = Debug|x64
		{83B2788C-ADBA-4D7C-86AC-84E593FC88A6}.Debug|x64.Build.0 = Debug|x64
		{83B2788C-ADBA-4D7C-86AC-84E593FC88A6}.Debug|x86.ActiveCfg = Debug|Win32
		{83B2788C-ADBA-4D7C-86AC-84E593FC88A6}.Debug|x86.Build.0 = Debug|Win32
		{83B2788C-ADBA-4D7C-86AC-84E593FC88A6}.Release|ARM.ActiveCfg = Release|Win32
		{83B2788C-ADBA-4D7C-86AC-84E593FC88A6}.Release|ARM64.ActiveCfg = Release|Win32
		{83B2788C-ADBA-4D7C-86AC-84E593FC88A6}.Release|x64.ActiveCfg = Release|x64
		{83B2788C-ADBA-4D7C-86AC-84E593FC88A6}.Release|x64.Build.0 = Release|x64
		{83B2788C-ADBA-4D7C-86AC-84E593FC88A6}.Release|x86.ActiveCfg = Release|Win32
		{83B2788C-ADBA-4D7C-86AC-84E593FC88A6}.Release|x86.Build.0 = Release|Win32
		{343D8A9F-D71E-4450-BCAC-96673458AFEE}.Debug|ARM.ActiveCfg = Debug|x64
		{343D8A9F-D71E-4450-BCAC-96673458AFEE}.Debug|ARM64.ActiveCfg = Debug|Win32
		{343D8A9F-D71E-4450-BCAC-96673458AFEE}.Debug|x64.ActiveCfg = Debug|x64
		{343D8A9F-D71E-4450-BCAC-96673458AFEE}.Debug|x64.Build.0 = Debug|x64
		{343D8A9F-D71E-4450-BCAC-96673458AFEE}.Debug|x86.ActiveCfg = Debug|Win32
		{343D8A9F-D71E-4450-BCAC-96673458AFEE}.Debug|x86.Build.0 = Debug|Win32
		{343D8A9F-D71E-4450-BCAC-96673458AFEE}.Release|ARM.ActiveCfg = Release|Win32
		{343D8A9F-D71E-4450-BCAC-96673458AFEE}.Release|ARM64.ActiveCfg = Release|Win32
		{343D8A9F-D71E-4450-BCAC-96673458AFEE}.Release|x64.ActiveCfg = Release|x64
		{343D8A9F-D71E-4450-BCAC-96673458AFEE}.Release|x64.Build.0 = Release|x64
		{343D8A9F-D71E-4450-BCAC-96673458AFEE}.Release|x86.ActiveCfg = Release|Win32
		{343D8A9F-D71E-4450-BCAC-96673458AFEE}.Release|x86.Build.0 = Release|Win32
		{DC3634CF-B268-4A35-9075-60CD384E2ADF}.Debug|ARM.ActiveCfg = Debug|x64
		{DC3634CF-B268-4A35-9075-60CD384E2ADF}.Debug|ARM64.ActiveCfg = Debug|Win32
		{DC3634CF-B268-4A35-9075-60CD384E2ADF}.Debug|x64.ActiveCfg = Debug|x64
		{DC3634CF-B268-4A35-9075-60CD384E2ADF}.Debug|x64.Build.0 = Debug|x64
		{DC3634CF-B268-4A35-9075-60CD384E2ADF}.Debug|x86.ActiveCfg = Debug|Win32
		{DC3634CF-B268-4A35-9075-60CD384E2ADF}.Debug|x86.Build.0 = Debug|Win32
		{DC3634CF-B268-4A35-9075-60CD384E2ADF}.Release|ARM.ActiveCfg = Release|Win32
		{DC3634CF-B268-4A35-9075-60CD384E2ADF}.Release|ARM64.ActiveCfg = Release|Win32
		{DC3634CF-B268-4A35-9075-60CD384E2ADF}.Release|x64.ActiveCfg = Release|x64
		{DC3634CF-B268-4A35-9075-60CD384E2ADF}.Release|x64.Build.0 = Release|x64
		{DC3634CF-B268-4A35-9075-60CD384E2ADF}.Release|x86.ActiveCfg = Release|Win32
		{DC3634CF-B268-4A35-9075-60CD384E2ADF}.Release|x86.Build.0 = Release|Win32
		{EC76E300-B6AE-4765-8548-EA5AF6B22C77}.Debug|ARM.ActiveCfg = Debug|x64
		{EC76E300-B6AE-4765-8548-EA5AF6B22C77}.Debug|ARM64.ActiveCfg = Debug|Win32
		{EC76E300-B6AE-4765-8548-EA5AF6B22C77}.Debug|x64.ActiveCfg = Debug|x64
		{EC76E300-B6AE-4765-8548-EA5AF6B22C77}.Debug|x64.Build.0 = Debug|x64
		{EC76E300-B6AE-4765-8548-EA5AF6B22C77}.Debug|x86.ActiveCfg = Debug|Win32
		{EC76E300-B6AE-4765-8548-EA5AF6B22C77}.Debug|x86.Build.0 = Debug|Win32
		{EC76E300-B6AE-4765-8548-EA5AF6B22C77}.Release|ARM.ActiveCfg = Release|Win32
		{EC76E300-B6AE-4765-8548-EA5AF6B22C77}.Release|ARM64.ActiveCfg = Release|Win32
		{EC76E300-B6AE-4765-8548-EA5AF6B22C77}.Release|x64.ActiveCfg = Release|x64
		{EC76E300-B6AE-4765-8548-EA5AF6B22C77}.Release|x64.Build.0 = Release|x64
		{EC76E300-B6AE-4765-8548-EA5AF6B22C77}.Release|x86.ActiveCfg = Release|Win32
		{EC76E300-B6AE-4765-8548-EA5AF6B22C77}.Release|x86.Build.0 = Release|Win32
		{958C712C-B727-444F-8C0A-34C1CC868C4A}.Debug|ARM.ActiveCfg = Debug|x64
		{958C712C-B727-444F-8C0A-34C1CC868C4A}.Debug|ARM64.ActiveCfg = Debug|Win32
		{958C712C-B727-444F-8C0A-34C1CC868C4A}.Debug|x64.ActiveCfg = Debug|x64
		{958C712C-B727-444F-8C0A-34C1CC868C4A}.Debug|x64.Build.0 = Debug|x64
		{958C712C-B727-444F-8C0A-34C1CC868C4A}.Debug|x86.ActiveCfg = Debug|Win32
		{958C712C-B727-444F-8C0A-34C1CC868C4A}.Debug|x86.Build.0 = Debug|Win32
		{958C712C-B727-444F-8C0A-34C1CC868C4A}.Release|ARM.ActiveCfg = Release|Win32
		{958C712C-B727-444F-8C0A-34C1CC868C4A}.Release|ARM64.ActiveCfg = Release|Win32
		{958C712C-B727-444F-8C0A-34C1CC868C4A}.Release|x64.ActiveCfg = Release|x64
		{958C712C-B727-444F-8C0A-34C1CC868C4A}.Release|x64.Build.0 = Release|x64
		{958C712C-B727-444F-8C0A-34C1CC868C4A}.Release|x86.ActiveCfg = Release|Win32
		{958C712C-B727-444F-8C0A-34C1CC868C4A}.Release|x86.Build.0 = Release|Win32
		{3461F477-DC72-4E22-8B5D-056A81CD4547}.Debug|ARM.ActiveCfg = Debug|x64
		{3461F477-DC72-4E22-8B5D-056A81CD4547}.Debug|ARM64.ActiveCfg = Debug|Win32
		{3461F477-DC72-4E22-8B5D-056A81CD4547}.Debug|x64.ActiveCfg = Debug|x64
		{3461F477-DC72-4E22-8B5D-056A81CD4547}.Debug|x64.Build.0 = Debug|x64
		{3461F477-DC72-4E22-8B5D-056A81CD4547}.Debug|x86.ActiveCfg = Debug|Win32
		{3461F477-DC72-4E22-8B5D-056A81CD4547}.Debug|x86.Build.0 = Debug|Win32
		{3461F477-DC72-4E22-8B5D-056A81CD4547}.Release|ARM.ActiveCfg = Release|Win32
		{3461F477-DC72-4E22-8B5D-056A81CD4547}.Release|ARM64.ActiveCfg = Release|Win32
		{3461F477-DC72-4E22-8B5D-056A81CD4547}.Release|x64.ActiveCfg = Release|x64
		{3461F477-DC72-4E22-8B5D-056A81CD4547}.Release|x64.Build.0 = Release|x64
		{3461F477-DC72-4E22-8B5D-056A81CD4547}.Release|x86.ActiveCfg = Release|Win32
		{3461F477-DC72-4E22-8B5D-056A81CD4547}.Release|x86.Build.0 = Release|Win32
		{E9C37D52-56BF-4A6E-9DDF-A75ED941F004}.Debug|ARM.ActiveCfg = Debug|x64
		{E9C37D52-56BF-4A6E-9DDF-A75ED941F004}.Debug|ARM64.ActiveCfg = Debug|Win32
		{E9C37D52-56BF-4A6E-9DDF-A75ED941F004}.Debug|x64.ActiveCfg = Debug|x64
		{E9C37D52-56BF-4A6E-9DDF-A75ED941F004}.Debug|x64.Build.0 = Debug|x64
		{E9C37D52-56BF-4A6E-9DDF-A75ED941F004}.Debug|x86.ActiveCfg = Debug|Win32
		{E9C37D52-56BF-4A6E-9DDF-A75ED941F004}.Debug|x86.Build.0 = Debug|Win32
		{E9C37D52-56BF-4A6E-9DDF-A75ED941F004}.Release|ARM.ActiveCfg = Release|Win32
		{E9C37D52-56BF-4A6E-9DDF-A75ED941F004}.Release|ARM64.ActiveCfg = Release|Win32
		{E9C37D52-56BF-4A6E-9DDF-A75ED941F004}.Release|x64.ActiveCfg = Release|x64
		{E9C37D52-56BF-4A6E-9DDF-A75ED941F004}.Release|x64.Build.0 = Release|x64
		{E9C37D52-56BF-4A6E-9DDF-A75ED941F004}.Release|x86.ActiveCfg = Release|Win32
		{E9C37D52-56BF-4A6E-9DDF-A75ED941F004}.Release|x86.Build.0 = Release|Win32
		{6E6D46E1-AC9E-4AE5-BB76-B757F8951CF7}.Debug|ARM.ActiveCfg = Debug|x64
		{6E6D46E1-AC9E-4AE5-BB76-B757F8951CF7}.Debug|ARM64.ActiveCfg = Debug|Win32
		{6E6D46E1-AC9E-4AE5-BB76-B757F8951CF7}.Debug|x64.ActiveCfg = Debug|x64
		{6E6D46E1-AC9E-4AE5-BB76-B757F8951CF7}.Debug|x64.Build.0 = Debug|x64
		{6E6D46E1-AC9E-4AE5-BB76-B757F8951CF7}.Debug|x86.ActiveCfg = Debug|Win32
		{6E6D46E1-AC9E-4AE5-BB76-B757F8951CF7}.Debug|x86.Build.0 = Debug|Win32
		{6E6D46E1-AC9E-4AE5-BB76-B757F8951CF7}.Release|ARM.ActiveCfg = Release|Win32
		{6E6D46E1-AC9E-4AE5-BB76-B757F8951CF7}.Release|ARM64.ActiveCfg = Release|Win32
		{6E6D46E1-AC9E-4AE5-BB76-B757F8951CF7}.Release|x64.ActiveCfg = Release|x64
		{6E6D46E1-AC9E-4AE5-BB76-B757F8951CF7}.Release|x64.Build.0 = Release|x64
		{6E6D46E1-AC9E-4AE5-BB76-B757F8951CF7}.Release|x86.ActiveCfg = Release|Win32
		{6E6D46E1-AC9E-4AE5-BB76-B757F8951CF7}.Release|x86.Build.0 = Release|Win32
		{93C41B9B-C914-4B4F-80DC-0E83EA4EBD39}.Debug|ARM.ActiveCfg = Debug|x64
		{93C41B9B-C914-4B4F-80DC-0E83EA4EBD39}.Debug|ARM64.ActiveCfg = Debug|Win32
		{93C41B9B-C914-4B4F-80DC-0E83EA4EBD39}.Debug|x64.ActiveCfg = Debug|x64
		{93C41B9B-C914-4B4F-80DC-0E83EA4EBD39}.Debug|x64.Build.0 = Debug|x64
		{93C41B9B-C914-4B4F-80DC-0E83EA4EBD39}.Debug|x86.ActiveCfg = Debug|Win32
		{93C41B9B-C914-4B4F-80DC-0E83EA4EBD39}.Debug|x86.Build.0 = Debug|Win32
		{93C41B9B-C914-4B4F-80DC-0E83EA4EBD39}.Release|ARM.ActiveCfg = Release|Win32
		{93C41B9B-C914-4B4F-80DC-0E83EA4EBD39}.Release|ARM64.ActiveCfg = Release|Win32
		{93C41B9B-C914-4B4F-80DC-0E83EA4EBD39}.Release|x64.ActiveCfg = Release|x64
		{93C41B9B-C914-4B4F-80DC-0E83EA4EBD39}.Release|x64.Build.0 = Release|x64
		{93C41B9B-C914-4B4F-80DC-0E83EA4EBD39}.Release|x86.ActiveCfg = Release|Win32
		{93C41B9B-C914-4B4F-80DC-0E83EA4EBD39}.Release|x86.Build.0 = Release|Win32
		{DEEFEA85-CABF-4A87-B0C4-AF9122122C1A}.Debug|ARM.ActiveCfg = Debug|x64
		{DEEFEA85-CABF-4A87-B0C4-AF9122122C1A}.Debug|ARM64.ActiveCfg = Debug|Win32
		{DEEFEA85-CABF-4A87-B0C4-AF9122122C1A}.Debug|x64.ActiveCfg = Debug|x64
		{DEEFEA85-CABF-4A87-B0C4-AF9122122C1A}.Debug|x64.Build.0 = Debug|x64
		{DEEFEA85-CABF-4A87-B0C4-AF9122122C1A}.Debug|x86.ActiveCfg = Debug|Win32
		{DEEFEA85-CABF-4A87-B0C4-AF9122122C1A}.Debug|x86.Build.0 = Debug|Win32
		{DEEFEA85-CABF-4A87-B0C4-AF9122122C1A}.Release|ARM.ActiveCfg = Release|Win32
		{DEEFEA85-CABF-4A87-B0C4-AF9122122C1A}.Release|ARM64.ActiveCfg = Release|Win32
		{DEEFEA85-CABF-4A87-B0C4-AF9122122C1A}.Release|x64.ActiveCfg = Release|x64
		{DEEFEA85-CABF-4A87-B0C4-AF9122122C1A}.Release|x64.Build.0 = Release|x64
		{DEEFEA85-CABF-4A87-B0C4-AF9122122C1A}.Release|x86.ActiveCfg = Release|Win32
		{DEEFEA85-CABF-4A87-B0C4-AF9122122C1A}.Release|x86.Build.0 = Release|Win32
		{05E4FD2D-2C76-4BFB-BE3D-D4A7D8A7448E}.Debug|ARM.ActiveCfg = Debug|x64
		{05E4FD2D-2C76-4BFB-BE3D-D4A7D8A7448E}.Debug|ARM64.ActiveCfg = Debug|Win32
		{05E4FD2D-2C76-4BFB-BE3D-D4A7D8A7448E}.Debug|x64.ActiveCfg = Debug|x64
		{05E4FD2D-2C76-4BFB-BE3D-D4A7D8A7448E}.Debug|x64.Build.0 = Debug|x64
		{05E4FD2D-2C76-4BFB-BE3D-D4A7D8A7448E}.Debug|x86.ActiveCfg = Debug|Win32
		{05E4FD2D-2C76-4BFB-BE3D-D4A7D8A7448E}.Debug|x86.Build.0 = Debug|Win32
		{05E4FD2D-2C76-4BFB-BE3D-D4A7D8A7448E}.Release|ARM.ActiveCfg = Release|Win32
		{05E4FD2D-2C76-4BFB-BE3D-D4A7D8A7448E}.Release|ARM64.ActiveCfg = Release|Win32
		{05E4FD2D-2C76-4BFB-BE3D-D4A7D8A7448E}.Release|x64.ActiveCfg = Release|x64
		{05E4FD2D-2C76-4BFB-BE3D-D4A7D8A7448E}.Release|x64.Build.0 = Release|x64
		{05E4FD2D-2C76-4BFB-BE3D-D4A7D8A7448E}.Release|x86.ActiveCfg = Release|Win32
		{05E4FD2D-2C76-4BFB-BE3D-D4A7D8A7448E}.Release|x86.Build.0 = Release|Win32
		{A54AAF20-7D88-4ED3-B69C-79E30A9AC106}.Debug|ARM.ActiveCfg = Debug|x64
		{A54AAF20-7D88-4ED3-B69C-79E30A9AC106}.Debug|ARM64.ActiveCfg = Debug|Win32
		{A54AAF20-7D88-4ED3-B69C-79E30A9AC106}.Debug|x64.ActiveCfg = Debug|x64
		{A54AAF20-7D88-4ED3-B69C-79E30A9AC106}.Debug|x64.Build.0 = Debug|x64
		{A54AAF20-7D88-4ED3-B69C-79E30A9AC106}.Debug|x86.ActiveCfg = Debug|Win32
		{A54AAF20-7D88-4ED3-B69C-79E30A9AC106}.Debug|x86.Build.0 = Debug|Win32
		{A54AAF20-7D88-4ED3-B69C-79E30A9AC106}.Release|ARM.ActiveCfg = Release|Win32
		{A54AAF20-7D88-4ED3-B69C-79E30A9AC106}.Release|ARM64.ActiveCfg = Release|Win32
		{A54AAF20-7D88-4ED3-B69C-79E30A9AC106}.Release|x64.ActiveCfg = Release|x64
		{A54AAF20-7D88-4ED3-B69C-79E30A9AC106}.Release|x64.Build.0 = Release|x64
		{A54AAF20-7D88-4ED3-B69C-79E30A9AC106}.Release|x86.ActiveCfg = Release|Win32
		{A54AAF20-7D88-4ED3-B69C-79E30A9AC106}.Release|x86.Build.0 = Release|Win32
		{942B0FE6-1204-47D0-9E48-78FF56783352}.Debug|ARM.ActiveCfg = Debug|x64
		{942B0FE6-1204-47D0-9E48-78FF56783352}.Debug|ARM64.ActiveCfg = Debug|Win32
		{942B0FE6-1204-47D0-9E48-78FF56783352}.Debug|x64.ActiveCfg = Debug|x64
		{942B0FE6-1204-47D0-9E48-78FF56783352}.Debug|x64.Build.0 = Debug|x64
		{942B0FE6-1204-47D0-9E48-78FF56783352}.Debug|x86.ActiveCfg = Debug|Win32
		{942B0FE6-1204-47D0-9E48-78FF56783352}.Debug|x86.Build.0 = Debug|Win32
		{942B0FE6-1204-47D0-9E48-78FF56783352}.Release|ARM.ActiveCfg = Release|Win32
		{942B0FE6-1204-47D0-9E48-78FF56783352}.Release|ARM64.ActiveCfg = Release|Win32
		{942B0FE6-1204-47D0-9E48-78FF56783352}.Release|x64.ActiveCfg = Release|x64
		{942B0FE6-1204-47D0-9E48-78FF56783352}.Release|x64.Build.0 = Release|x64
		{942B0FE6-1204-47D0-9E48-78FF56783352}.Release|x86.ActiveCfg = Release|Win32
		{942B0FE6-1204-47D0-9E48-78FF56783352}.Release|x86.Build.0 = Release|Win32
		{90657AE5-69F9-4228-A554-09665F30C6B2}.Debug|ARM.ActiveCfg = Debug|x64
		{90657AE5-69F9-4228-A554-09665F30C6B2}.Debug|ARM64.ActiveCfg = Debug|Win32
		{90657AE5-69F9-4228-A554-09665F30C6B2}.Debug|x64.ActiveCfg = Debug|x64
		{90657AE5-69F9-4228-A554-09665F30C6B2}.Debug|x64.Build.0 = Debug|x64
		{90657AE5-69F9-4228-A554-09665F30C6B2}.Debug|x86.ActiveCfg = Debug|Win32
		{90657AE5-69F9-4228-A554-09665F30C6B2}.Debug|x86.Build.0 = Debug|Win32
		{90657AE5-69F9-4228-A554-09665F30C6B2}.Release|ARM.ActiveCfg = Release|Win32
		{90657AE5-69F9-4228-A554-09665F30C6B2}.Release|ARM64.ActiveCfg = Release|Win32
		{90657AE5-69F9-4228-A554-09665F30C6B2}.Release|x64.ActiveCfg = Release|x64
		{90657AE5-69F9-4228-A554-09665F30C6B2}.Release|x64.Build.0 = Release|x64
		{90657AE5-69F9-4228-A554-09665F30C6B2}.Release|x86.ActiveCfg = Release|Win32
		{90657AE5-69F9-4228-A554-09665F30C6B2}.Release|x86.Build.0 = Release|Win32
		{D54F045C-3BB9-41E3-8C4D-82050179DEF1}.Debug|ARM.ActiveCfg = Debug|x64
		{D54F045C-3BB9-41E3-8C4D-82050179DEF1}.Debug|ARM64.ActiveCfg = Debug|Win32
		{D54F045C-3BB9-41E3-8C4D-82050179DEF1}.Debug|x64.ActiveCfg = Debug|x64
		{D54F045C-3BB9-41E3-8C4D-82050179DEF1}.Debug|x64.Build.0 = Debug|x64
		{D54F045C-3BB9-41E3-8C4D-82050179DEF1}.Debug|x86.ActiveCfg = Debug|Win32
		{D54F045C-3BB9-41E3-8C4D-82050179DEF1}.Debug|x86.Build.0 = Debug|Win32
		{D54F045C-3BB9-41E3-8C4D-82050179DEF1}.Release|ARM.ActiveCfg = Release|Win32
		{D54F045C-3BB9-41E3-8C4D-82050179DEF1}.Release|ARM64.ActiveCfg = Release|Win32
		{D54F045C-3BB9-41E3-8C4D-82050179DEF1}.Release|x64.ActiveCfg = Release|x64
		{D54F045C-3BB9-41E3-8C4D-82050179DEF1}.Release|x64.Build.0 = Release|x64
		{D54F045C-3BB9-41E3-8C4D-82050179DEF1}.Release|x86.ActiveCfg = Release|Win32
		{D54F045C-3BB9-41E3-8C4D-82050179DEF1}.Release|x86.Build.0 = Release|Win32
		{7A4131F1-CAB4-4528-967B-162AB2C5D169}.Debug|ARM.ActiveCfg = Debug|x64
		{7A4131F1-CAB4-4528-967B-162AB2C5D169}.Debug|ARM64.ActiveCfg = Debug|Win32
		{7A4131F1-CAB4-4528-967B-162AB2C5D169}.Debug|x64.ActiveCfg = Debug|x64
		{7A4131F1-CAB4-4528-967B-162AB2C5D169}.Debug|x64.Build.0 = Debug|x64
		{7A4131F1-CAB4-4528-967B-162AB2C5D169}.Debug|x86.ActiveCfg = Debug|Win32
		{7A4131F1-CAB4-4528-967B-162AB2C5D169}.Debug|x86.Build.0 = Debug|Win32
		{7A4131F1-CAB4-4528-967B-162AB2C5D169}.Release|ARM.ActiveCfg = Release|Win32
		{7A4131F1-CAB4-4528-967B-162AB2C5D169}.Release|ARM64.ActiveCfg = Release|Win32
		{7A4131F1-CAB4-4528-967B-162AB2C5D169}.Release|x64.ActiveCfg = Release|x64
		{7A4131F1-CAB4-4528-967B-162AB2C5D169}.Release|x64.Build.0 = Release|x64
		{7A4131F1-CAB4-4528-967B-162AB2C5D169}.Release|x86.ActiveCfg = Release|Win32
		{7A4131F1-CAB4-4528-967B-162AB2C5D169}.Release|x86.Build.0 = Release|Win32
		{F2544097-E90B-4EAB-B88C-30292661D812}.Debug|ARM.ActiveCfg = Debug|x64
		{F2544097-E90B-4EAB-B88C-30292661D812}.Debug|ARM64.ActiveCfg = Debug|Win32
		{F2544097-E90B-4EAB-B88C-30292661D812}.Debug|x64.ActiveCfg = Debug|x64
		{F2544097-E90B-4EAB-B88C-30292661D812}.Debug|x64.Build.0 = Debug|x64
		{F2544097-E90B-4EAB-B88C-30292661D812}.Debug|x86.ActiveCfg = Debug|Win32
		{F2544097-E90B-4EAB-B88C-30292661D812}.Debug|x86.Build.0 = Debug|Win32
		{F2544097-E90B-4EAB-B88C-30292661D812}.Release|ARM.ActiveCfg = Release|Win32
		{F2544097-E90B-4EAB-B88C-30292661D812}.Release|ARM64.ActiveCfg = Release|Win32
		{F2544097-E90B-4EAB-B88C-30292661D812}.Release|x64.ActiveCfg = Release|x64
		{F2544097-E90B-4EAB-B88C-30292661D812}.Release|x64.Build.0 = Release|x64
		{F2544097-E90B-4EAB-B88C-30292661D812}.Release|x86.ActiveCfg = Release|Win32
		{F2544097-E90B-4EAB-B88C-30292661D812}.Release|x86.Build.0 = Release|Win32
		{0F900CFA-59E5-4B4C-AC95-0745600E8C13}.Debug|ARM.ActiveCfg = Debug|x64
		{0F900CFA-59E5-4B4C-AC95-0745600E8C13}.Debug|ARM64.ActiveCfg = Debug|Win32
		{0F900CFA-59E5-4B4C-AC95-0745600E8C13}.Debug|x64.ActiveCfg = Debug|x64
		{0F900CFA-59E5-4B4C-AC95-0745600E8C13}.Debug|x64.Build.0 = Debug|x64
		{0F900CFA-59E5-4B4C-AC95-0745600E8C13}.Debug|x86.ActiveCfg = Debug|Win32
		{0F900CFA-59E5-4B4C-AC95-0745600E8C13}.Debug|x86.Build.0 = Debug|Win32
		{0F900CFA-59E5-4B4C-AC95-0745600E8C13}.Release|ARM.ActiveCfg = Release|Win32
		{0F900CFA-59E5-4B4C-AC95-0745600E8C13}.Release|ARM64.ActiveCfg = Release|Win32
		{0F900CFA-59E5-4B4C-AC95-0745600E8C13}.Release|x64.ActiveCfg = Release|x64
		{0F900CFA-59E5-4B4C-AC95-0745600E8C13}.Release|x64.Build.0 = Release|x64
		{0F900CFA-59E5-4B4C-AC95-0745600E8C13}.Release|x86.ActiveCfg = Release|Win32
		{0F900CFA-59E5-4B4C-AC95-0745600E8C13}.Release|x86.Build.0 = Release|Win32
		{6BFF45DB-1602-4700-95B1-C0B97B6E0A1F}.Debug|ARM.ActiveCfg = Debug|x64
		{6BFF45DB-1602-4700-95B1-C0B97B6E0A1F}.Debug|ARM64.ActiveCfg = Debug|Win32
		{6BFF45DB-1602-4700-95B1-C0B97B6E0A1F}.Debug|x64.ActiveCfg = Debug|x64
		{6BFF45DB-1602-4700-95B1-C0B97B6E0A1F}.Debug|x64.Build.0 = Debug|x64
		{6BFF45DB-1602-4700-95B1-C0B97B6E0A1F}.Debug|x86.ActiveCfg = Debug|Win32
		{6BFF45DB-1602-4700-95B1-C0B97B6E0A1F}.Debug|x86.Build.0 = Debug|Win32
		{6BFF45DB-1602-4700-95B1-C0B97B6E0A1F}.Release|ARM.ActiveCfg = Release|Win32
		{6BFF45DB-1602-4700-95B1-C0B97B6E0A1F}.Release|ARM64.ActiveCfg = Release|Win32
		{6BFF45DB-1602-4700-95B1-C0B97B6E0A1F}.Release|x64.ActiveCfg = Release|x64
		{6BFF45DB-1602-4700-95B1-C0B97B6E0A1F}.Release|x64.Build.0 = Release|x64
		{6BFF45DB-1602-4700-95B1-C0B97B6E0A1F}.Release|x86.ActiveCfg = Release|Win32
		{6BFF45DB-1602-4700-95B1-C0B97B6E0A1F}.Release|x86.Build.0 = Release|Win32
		{A7405003-6459-4184-9999-8867B4B09FA0}.Debug|ARM.ActiveCfg = Debug|x64
		{A7405003-6459-4184-9999-8867B4B09FA0}.Debug|ARM64.ActiveCfg = Debug|Win32
		{A7405003-6459-4184-9999-8867B4B09FA0}.Debug|x64.ActiveCfg = Debug|x64
		{A7405003-6459-4184-9999-8867B4B09FA0}.Debug|x64.Build.0 = Debug|x64
		{A7405003-6459-4184-9999-8867B4B09FA0}.Debug|x86.ActiveCfg = Debug|Win32
		{A7405003-6459-4184-9999-8867B4B09FA0}.Debug|x86.Build.0 = Debug|Win32
		{A7405003-6459-4184-9999-8867B4B09FA0}.Release|ARM.ActiveCfg = Release|Win32
		{A7405003-6459-4184-9999-8867B4B09FA0}.Release|ARM64.ActiveCfg = Release|Win32
		{A7405003-6459-4184-9999-8867B4B09FA0}.Release|x64.ActiveCfg = Release|x64
		{A7405003-6459-4184-9999-8867B4B09FA0}.Release|x64.Build.0 = Release|x64
		{A7405003-6459-4184-9999-8867B4B09FA0}.Release|x86.ActiveCfg = Release|Win32
		{A7405003-6459-4184-9999-8867B4B09FA0}.Release|x86.Build.0 = Release|Win32
		{1DDA7EF3-0B3F-49E5-87D1-37DC52B17696}.Debug|ARM.ActiveCfg = Debug|x64
		{1DDA7EF3-0B3F-49E5-87D1-37DC52B17696}.Debug|ARM64.ActiveCfg = Debug|Win32
		{1DDA7EF3-0B3F-49E5-87D1-37DC52B17696}.Debug|x64.ActiveCfg = Debug|x64
		{1DDA7EF3-0B3F-49E5-87D1-37DC52B17696}.Debug|x64.Build.0 = Debug|x64
		{1DDA7EF3-0B3F-49E5-87D1-37DC52B17696}.Debug|x86.ActiveCfg = Debug|Win32
		{1DDA7EF3-0B3F-49E5-87D1-37DC52B17696}.Debug|x86.Build.0 = Debug|Win32
		{1DDA7EF3-0B3F-49E5-87D1-37DC52B17696}.Release|ARM.ActiveCfg = Release|Win32
		{1DDA7EF3-0B3F-49E5-87D1-37DC52B17696}.Release|ARM64.ActiveCfg = Release|Win32
		{1DDA7EF3-0B3F-49E5-87D1-37DC52B17696}.Release|x64.ActiveCfg = Release|x64
		{1DDA7EF3-0B3F-49E5-87D1-37DC52B17696}.Release|x64.Build.0 = Release|x64
		{1DDA7EF3-0B3F-49E5-87D1-37DC52B17696}.Release|x86.ActiveCfg = Release|Win32
		{1DDA7EF3-0B3F-49E5-87D1-37DC52B17696}.Release|x86.Build.0 = Release|Win32
		{7F04B00D-B131-4055-8776-1593B7FBF2FB}.Debug|ARM.ActiveCfg = Debug|x64
		{7F04B00D-B131-4055-8776-1593B7FBF2FB}.Debug|ARM64.ActiveCfg = Debug|Win32
		{7F04B00D-B131-4055-8776-1593B7FBF2FB}.Debug|x64.ActiveCfg = Debug|x64
		{7F04B00D-B131-4055-8776-1593B7FBF2FB}.Debug|x64.Build.0 = Debug|x64
		{7F04B00D-B131-4055-8776-1593B7FBF2FB}.Debug|x86.ActiveCfg = Debug|Win32
		{7F04B00D-B131-4055-8776-1593B7FBF2FB}.Debug|x86.Build.0 = Debug|Win32
		{7F04B00D-B131-4055-8776-1593B7FBF2FB}.Release|ARM.ActiveCfg = Release|Win32
		{7F04B00D-B131-4055-8776-1593B7FBF2FB}.Release|ARM64.ActiveCfg = Release|Win32
		{7F04B00D-B131-4055-8776-1593B7FBF2FB}.Release|x64.ActiveCfg = Release|x64
		{7F04B00D-B131-4055-8776-1593B7FBF2FB}.Release|x64.Build.0 = Release|x64
		{7F04B00D-B131-4055-8776-1593B7FBF2FB}.Release|x86.ActiveCfg = Release|Win32
		{7F04B00D-B131-4055-8776-1593B7FBF2FB}.Release|x86.Build.0 = Release|Win32
		{384C2D47-66FC-4C02-9FBE-108A9D6DB29E}.Debug|ARM.ActiveCfg = Debug|x64
		{384C2D47-66FC-4C02-9FBE-108A9D6DB29E}.Debug|ARM64.ActiveCfg = Debug|Win32
		{384C2D47-66FC-4C02-9FBE-108A9D6DB29E}.Debug|x64.ActiveCfg = Debug|x64
		{384C2D47-66FC-4C02-9FBE-108A9D6DB29E}.Debug|x64.Build.0 = Debug|x64
		{384C2D47-66FC-4C02-9FBE-108A9D6DB29E}.Debug|x86.ActiveCfg = Debug|Win32
		{384C2D47-66FC-4C02-9FBE-108A9D6DB29E}.Debug|x86.Build.0 = Debug|Win32
		{384C2D47-66FC-4C02-9FBE-108A9D6DB29E}.Release|ARM.ActiveCfg = Release|Win32
		{384C2D47-66FC-4C02-9FBE-108A9D6DB29E}.Release|ARM64.ActiveCfg = Release|Win32
		{384C2D47-66FC-4C02-9FBE-108A9D6DB29E}.Release|x64.ActiveCfg = Release|x64
		{384C2D47-66FC-4C02-9FBE-108A9D6DB29E}.Release|x64.Build.0 = Release|x64
		{384C2D47-66FC-4C02-9FBE-108A9D6DB29E}.Release|x86.ActiveCfg = Release|Win32
		{384C2D47-66FC-4C02-9FBE-108A9D6DB29E}.Release|x86.Build.0 = Release|Win32
		{8F77546B-961C-43F3-9EEF-5A7F0C90C15C}.Debug|ARM.ActiveCfg = Debug|x64
		{8F77546B-961C-43F3-9EEF-5A7F0C90C15C}.Debug|ARM64.ActiveCfg = Debug|Win32
		{8F77546B-961C-43F3-9EEF-5A7F0C90C15C}.Debug|x64.ActiveCfg = Debug|x64
		{8F77546B-961C-43F3-9EEF-5A7F0C90C15C}.Debug|x64.Build.0 = Debug|x64
		{8F77546B-961C-43F3-9EEF-5A7F0C90C15C}.Debug|x86.ActiveCfg = Debug|Win32
		{8F77546B-961C-43F3-9EEF-5A7F0C90C15C}.Debug|x86.Build.0 = Debug|Win32
		{8F77546B-961C-43F3-9EEF-5A7F0C90C15C}.Release|ARM.ActiveCfg = Release|Win32
		{8F77546B-961C-43F3-9EEF-5A7F0C90C15C}.Release|ARM64.ActiveCfg = Release|Win32
		{8F77546B-961C-43F3-9EEF-5A7F0C90C15C}.Release|x64.ActiveCfg = Release|x64
		{8F77546B-961C-43F3-9EEF-5A7F0C90C15C}.Release|x64.Build.0 = Release|x64
		{8F77546B-961C-43F3-9EEF-5A7F0C90C15C}.Release|x86.ActiveCfg = Release|Win32
		{8F77546B-961C-43F3-9EEF-5A7F0C90C15C}.Release|x86.Build.0 = Release|Win32
		{E6CFC555-FD20-41C6-BE51-193B625C8629}.Debug|ARM.ActiveCfg = Debug|x64
		{E6CFC555-FD20-41C6-BE51-193B625C8629}.Debug|ARM64.ActiveCfg = Debug|Win32
		{E6CFC555-FD20-41C6-BE51-193B625C8629}.Debug|x64.ActiveCfg = Debug|x64
		{E6CFC555-FD20-41C6-BE51-193B625C8629}.Debug|x64.Build.0 = Debug|x64
		{E6CFC555-FD20-41C6-BE51-193B625C8629}.Debug|x86.ActiveCfg = Debug|Win32
		{E6CFC555-FD20-41C6-BE51-193B625C8629}.Debug|x86.Build.0 = Debug|Win32
		{E6CFC555-FD20-41C6-BE51-193B625C8629}.Release|ARM.ActiveCfg = Release|Win32
		{E6CFC555-FD20-41C6-BE51-193B625C8629}.Release|ARM64.ActiveCfg = Release|Win32
		{E6CFC555-FD20-41C6-BE51-193B625C8629}.Release|x64.ActiveCfg = Release|x64
		{E6CFC555-FD20-41C6-BE51-193B625C8629}.Release|x64.Build.0 = Release|x64
		{E6CFC555-FD20-41C6-BE51-193B625C8629}.Release|x86.ActiveCfg = Release|Win32
		{E6CFC555-FD20-41C6-BE51-193B625C8629}.Release|x86.Build.0 = Release|Win32
		{41837D61-9ACB-4A51-B5DA-12642A1A3675}.Debug|ARM.ActiveCfg = Debug|x64
		{41837D61-9ACB-4A51-B5DA-12642A1A3675}.Debug|ARM64.ActiveCfg = Debug|Win32
		{41837D61-9ACB-4A51-B5DA-12642A1A3675}.Debug|x64.ActiveCfg = Debug|x64
		{41837D61-9ACB-4A51-B5DA-12642A1A3675}.Debug|x64.Build.0 = Debug|x64
		{41837D61-9ACB-4A51-B5DA-12642A1A3675}.Debug|x86.ActiveCfg = Debug|Win32
		{41837D61-9ACB-4A51-B5DA-12642A1A3675}.Debug|x86.Build.0 = Debug|Win32
		{41837D61-9ACB-4A51-B5DA-12642A1A3675}.Release|ARM.ActiveCfg = Release|Win32
		{41837D61-9ACB-4A51-B5DA-12642A1A3675}.Release|ARM64.ActiveCfg = Release|Win32
		{41837D61-9ACB-4A51-B5DA-12642A1A3675}.Release|x64.ActiveCfg = Release|x64
		{41837D61-9ACB-4A51-B5DA-12642A1A3675}.Release|x64.Build.0 = Release|x64
		{41837D61-9ACB-4A51-B5DA-12642A1A3675}.Release|x86.ActiveCfg = Release|Win32
		{41837D61-9ACB-4A51-B5DA-12642A1A3675}.Release|x86.Build.0 = Release|Win32
		{1025C659-2ACE-42C4-A6BD-F31DAEA5FF02}.Debug|ARM.ActiveCfg = Debug|x64
		{1025C659-2ACE-42C4-A6BD-F31DAEA5FF02}.Debug|ARM64.ActiveCfg = Debug|Win32
		{1025C659-2ACE-42C4-A6BD-F31DAEA5FF02}.Debug|x64.ActiveCfg = Debug|x64
		{1025C659-2ACE-42C4-A6BD-F31DAEA5FF02}.Debug|x64.Build.0 = Debug|x64
		{1025C659-2ACE-42C4-A6BD-F31DAEA5FF02}.Debug|x86.ActiveCfg = Debug|Win32
		{1025C659-2ACE-42C4-A6BD-F31DAEA5FF02}.Debug|x86.Build.0 = Debug|Win32
		{1025C659-2ACE-42C4-A6BD-F31DAEA5FF02}.Release|ARM.ActiveCfg = Release|Win32
		{1025C659-2ACE-42C4-A6BD-F31DAEA5FF02}.Release|ARM64.ActiveCfg = Release|Win32
		{1025C659-2ACE-42C4-A6BD-F31DAEA5FF02}.Release|x64.ActiveCfg = Release|x64
		{1025C659-2ACE-42C4-A6BD-F31DAEA5FF02}.Release|x64.Build.0 = Release|x64
		{1025C659-2ACE-42C4-A6BD-F31DAEA5FF02}.Release|x86.ActiveCfg = Release|Win32
		{1025C659-2ACE-42C4-A6BD-F31DAEA5FF02}.Release|x86.Build.0 = Release|Win32
		{44EE23D8-1998-4347-B196-E7A7C3009E8E}.Debug|ARM.ActiveCfg = Debug|x64
		{44EE23D8-1998-4347-B196-E7A7C3009E8E}.Debug|ARM64.ActiveCfg = Debug|Win32
		{44EE23D8-1998-4347-B196-E7A7C3009E8E}.Debug|x64.ActiveCfg = Debug|x64
		{44EE23D8-1998-4347-B196-E7A7C3009E8E}.Debug|x64.Build.0 = Debug|x64
		{44EE23D8-1998-4347-B196-E7A7C3009E8E}.Debug|x86.ActiveCfg = Debug|Win32
		{44EE23D8-1998-4347-B196-E7A7C3009E8E}.Debug|x86.Build.0 = Debug|Win32
		{44EE23D8-1998-4347-B196-E7A7C3009E8E}.Release|ARM.ActiveCfg = Release|Win32
		{44EE23D8-1998-4347-B196-E7A7C3009E8E}.Release|ARM64.ActiveCfg = Release|Win32
		{44EE23D8-1998-4347-B196-E7A7C3009E8E}.Release|x64.ActiveCfg = Release|x64
		{44EE23D8-1998-4347-B196-E7A7C3009E8E}.Release|x64.Build.0 = Release|x64
		{44EE23D8-1998-4347-B196-E7A7C3009E8E}.Release|x86.ActiveCfg = Release|Win32
		{44EE23D8-1998-4347-B196-E7A7C3009E8E}.Release|x86.Build.0 = Release|Win32
		{67846940-1AB9-4DD7-BDFD-42481FCB6808}.Debug|ARM.ActiveCfg = Debug|x64
		{67846940-1AB9-4DD7-BDFD-42481FCB6808}.Debug|ARM64.ActiveCfg = Debug|Win32
		{67846940-1AB9-4DD7-BDFD-42481FCB6808}.Debug|x64.ActiveCfg = Debug|x64
		{67846940-1AB9-4DD7-BDFD-42481FCB6808}.Debug|x64.Build.0 = Debug|x64
		{67846940-1AB9-4DD7-BDFD-42481FCB6808}.Debug|x86.ActiveCfg = Debug|Win32
		{67846940-1AB9-4DD7-BDFD-42481FCB6808}.Debug|x86.Build.0 = Debug|Win32
		{67846940-1AB9-4DD7-BDFD-42481FCB6808}.Release|ARM.ActiveCfg = Release|Win32
		{67846940-1AB9-4DD7-BDFD-42481FCB6808}.Release|ARM64.ActiveCfg = Release|Win32
		{67846940-1AB9-4DD7-BDFD-42481FCB6808}.Release|x64.ActiveCfg = Release|x64
		{67846940-1AB9-4DD7-BDFD-42481FCB6808}.Release|x64.Build.0 = Release|x64
		{67846940-1AB9-4DD7-BDFD-42481FCB6808}.Release|x86.ActiveCfg = Release|Win32
		{67846940-1AB9-4DD7-BDFD-42481FCB6808}.Release|x86.Build.0 = Release|Win32
		{3FB17FCA-0B7A-4835-A84C-29A36456EA3E}.Debug|ARM.ActiveCfg = Debug|Win32
		{3FB17FCA-0B7A-4835-A84C-29A36456EA3E}.Debug|ARM64.ActiveCfg = Debug|Win32
		{3FB17FCA-0B7A-4835-A84C-29A36456EA3E}.Debug|x64.ActiveCfg = Debug|x64
		{3FB17FCA-0B7A-4835-A84C-29A36456EA3E}.Debug|x64.Build.0 = Debug|x64
		{3FB17FCA-0B7A-4835-A84C-29A36456EA3E}.Debug|x86.ActiveCfg = Debug|Win32
		{3FB17FCA-0B7A-4835-A84C-29A36456EA3E}.Debug|x86.Build.0 = Debug|Win32
		{3FB17FCA-0B7A-4835-A84C-29A36456EA3E}.Release|ARM.ActiveCfg = Release|Win32
		{3FB17FCA-0B7A-4835-A84C-29A36456EA3E}.Release|ARM64.ActiveCfg = Release|Win32
		{3FB17FCA-0B7A-4835-A84C-29A36456EA3E}.Release|x64.ActiveCfg = Release|x64
		{3FB17FCA-0B7A-4835-A84C-29A36456EA3E}.Release|x64.Build.0 = Release|x64
		{3FB17FCA-0B7A-4835-A84C-29A36456EA3E}.Release|x86.ActiveCfg = Release|Win32
		{3FB17FCA-0B7A-4835-A84C-29A36456EA3E}.Release|x86.Build.0 = Release|Win32
		{8001E66D-FF41-46F8-97DE-50A7F438D741}.Debug|ARM.ActiveCfg = Debug|Win32
		{8001E66D-FF41-46F8-97DE-50A7F438D741}.Debug|ARM64.ActiveCfg = Debug|Win32
		{8001E66D-FF41-46F8-97DE-50A7F438D741}.Debug|x64.ActiveCfg = Debug|x64
		{8001E66D-FF41-46F8-97DE-50A7F438D741}.Debug|x64.Build.0 = Debug|x64
		{8001E66D-FF41-46F8-97DE-50A7F438D741}.Debug|x86.ActiveCfg = Debug|Win32
		{8001E66D-FF41-46F8-97DE-50A7F438D741}.Debug|x86.Build.0 = Debug|Win32
		{8001E66D-FF41-46F8-97DE-50A7F438D741}.Release|ARM.ActiveCfg = Release|Win32
		{8001E66D-FF41-46F8-97DE-50A7F438D741}.Release|ARM64.ActiveCfg = Release|Win32
		{8001E66D-FF41-46F8-97DE-50A7F438D741}.Release|x64.ActiveCfg = Release|x64
		{8001E66D-FF41-46F8-97DE-50A7F438D741}.Release|x64.Build.0 = Release|x64
		{8001E66D-FF41-46F8-97DE-50A7F438D741}.Release|x86.ActiveCfg = Release|Win32
		{8001E66D-FF41-46F8-97DE-50A7F438D741}.Release|x86.Build.0 = Release|Win32
		{741503FC-4320-4A5B-B165-AA4BF6C5F333}.Debug|ARM.ActiveCfg = Debug|Win32
		{741503FC-4320-4A5B-B165-AA4BF6C5F333}.Debug|ARM64.ActiveCfg = Debug|Win32
		{741503FC-4320-4A5B-B165-AA4BF6C5F333}.Debug|x64.ActiveCfg = Debug|x64
		{741503FC-4320-4A5B-B165-AA4BF6C5F333}.Debug|x64.Build.0 = Debug|x64
		{741503FC-4320-4A5B-B165-AA4BF6C5F333}.Debug|x86.ActiveCfg = Debug|Win32
		{741503FC-4320-4A5B-B165-AA4BF6C5F333}.Debug|x86.Build.0 = Debug|Win32
		{741503FC-4320-4A5B-B165-AA4BF6C5F333}.Release|ARM.ActiveCfg = Release|Win32
		{741503FC-4320-4A5B-B165-AA4BF6C5F333}.Release|ARM64.ActiveCfg = Release|Win32
		{741503FC-4320-4A5B-B165-AA4BF6C5F333}.Release|x64.ActiveCfg = Release|x64
		{741503FC-4320-4A5B-B165-AA4BF6C5F333}.Release|x64.Build.0 = Release|x64
		{741503FC-4320-4A5B-B165-AA4BF6C5F333}.Release|x86.ActiveCfg = Release|Win32
		{741503FC-4320-4A5B-B165-AA4BF6C5F333}.Release|x86.Build.0 = Release|Win32
		{84FB2FF4-D445-4E8B-8CC8-3A65F487FF6D}.Debug|ARM.ActiveCfg = Debug|Win32
		{84FB2FF4-D445-4E8B-8CC8-3A65F487FF6D}.Debug|ARM64.ActiveCfg = Debug|Win32
		{84FB2FF4-D445-4E8B-8CC8-3A65F487FF6D}.Debug|x64.ActiveCfg = Debug|x64
		{84FB2FF4-D445-4E8B-8CC8-3A65F487FF6D}.Debug|x64.Build.0 = Debug|x64
		{84FB2FF4-D445-4E8B-8CC8-3A65F487FF6D}.Debug|x86.ActiveCfg = Debug|Win32
		{84FB2FF4-D445-4E8B-8CC8-3A65F487FF6D}.Debug|x86.Build.0 = Debug|Win32
		{84FB2FF4-D445-4E8B-8CC8-3A65F487FF6D}.Release|ARM.ActiveCfg = Release|Win32
		{84FB2FF4-D445-4E8B-8CC8-3A65F487FF6D}.Release|ARM64.ActiveCfg = Release|Win32
		{84FB2FF4-D445-4E8B-8CC8-3A65F487FF6D}.Release|x64.ActiveCfg = Release|x64
		{84FB2FF4-D445-4E8B-8CC8-3A65F487FF6D}.Release|x64.Build.0 = Release|x64
		{84FB2FF4-D445-4E8B-8CC8-3A65F487FF6D}.Release|x86.ActiveCfg = Release|Win32
		{84FB2FF4-D445-4E8B-8CC8-3A65F487FF6D}.Release|x86.Build.0 = Release|Win32
		{40385D93-F630-4735-8185-F6955B7800B6}.Debug|ARM.ActiveCfg = Debug|Win32
		{40385D93-F630-4735-8185-F6955B7800B6}.Debug|ARM64.ActiveCfg = Debug|Win32
		{40385D93-F630-4735-8185-F6955B7800B6}.Debug|x64.ActiveCfg = Debug|x64
		{40385D93-F630-4735-8185-F6955B7800B6}.Debug|x64.Build.0 = Debug|x64
		{40385D93-F630-4735-8185-F6955B7800B6}.Debug|x86.ActiveCfg = Debug|Win32
		{40385D93-F630-4735-8185-F6955B7800B6}.Debug|x86.Build.0 = Debug|Win32
		{40385D93-F630-4735-8185-F6955B7800B6}.Release|ARM.ActiveCfg = Release|Win32
		{40385D93-F630-4735-8185-F6955B7800B6}.Release|ARM64.ActiveCfg = Release|Win32
		{40385D93-F630-4735-8185-F6955B7800B6}.Release|x64.ActiveCfg = Release|x64
		{40385D93-F630-4735-8185-F6955B7800B6}.Release|x64.Build.0 = Release|x64
		{40385D93-F630-4735-8185-F6955B7800B6}.Release|x86.ActiveCfg = Release|Win32
		{40385D93-F630-4735-8185-F6955B7800B6}.Release|x86.Build.0 = Release|Win32
		{C90AF616-923E-486F-BD3C-0473C139CDBE}.Debug|ARM.ActiveCfg = Debug|Win32
		{C90AF616-923E-486F-BD3C-0473C139CDBE}.Debug|ARM64.ActiveCfg = Debug|Win32
		{C90AF616-923E-486F-BD3C-0473C139CDBE}.Debug|x64.ActiveCfg = Debug|x64
		{C90AF616-923E-486F-BD3C-0473C139CDBE}.Debug|x64.Build.0 = Debug|x64
		{C90AF616-923E-486F-BD3C-0473C139CDBE}.Debug|x86.ActiveCfg = Debug|Win32
		{C90AF616-923E-486F-BD3C-0473C139CDBE}.Debug|x86.Build.0 = Debug|Win32
		{C90AF616-923E-486F-BD3C-0473C139CDBE}.Release|ARM.ActiveCfg = Release|Win32
		{C90AF616-923E-486F-BD3C-0473C139CDBE}.Release|ARM64.ActiveCfg = Release|Win32
		{C90AF616-923E-486F-BD3C-0473C139CDBE}.Release|x64.ActiveCfg = Release|x64
		{C90AF616-923E-486F-BD3C-0473C139CDBE}.Release|x64.Build.0 = Release|x64
		{C90AF616-923E-486F-BD3C-0473C139CDBE}.Release|x86.ActiveCfg = Release|Win32
		{C90AF616-923E-486F-BD3C-0473C139CDBE}.Release|x86.Build.0 = Release|Win32
		{BB2C8312-3676-41FE-93AB-5544B49F6318}.Debug|ARM.ActiveCfg = Debug|Win32
		{BB2C8312-3676-41FE-93AB-5544B49F6318}.Debug|ARM64.ActiveCfg = Debug|Win32
		{BB2C8312-3676-41FE-93AB-5544B49F6318}.Debug|x64.ActiveCfg = Debug|x64
		{BB2C8312-3676-41FE-93AB-5544B49F6318}.Debug|x64.Build.0 = Debug|x64
		{BB2C8312-3676-41FE-93AB-5544B49F6318}.Debug|x86.ActiveCfg = Debug|Win32
		{BB2C8312-3676-41FE-93AB-5544B49F6318}.Debug|x86.Build.0 = Debug|Win32
		{BB2C8312-3676-41FE-93AB-5544B49F6318}.Release|ARM.ActiveCfg = Release|Win32
		{BB2C8312-3676-41FE-93AB-5544B49F6318}.Release|ARM64.ActiveCfg = Release|Win32
		{BB2C8312-3676-41FE-93AB-5544B49F6318}.Release|x64.ActiveCfg = Release|x64
		{BB2C8312-3676-41FE-93AB-5544B49F6318}.Release|x64.Build.0 = Release|x64
		{BB2C8312-3676-41FE-93AB-5544B49F6318}.Release|x86.ActiveCfg = Release|Win32
		{BB2C8312-3676-41FE-93AB-5544B49F6318}.Release|x86.Build.0 = Release|Win32
		{E4670547-4942-4E6E-A32E-F0C86E51910C}.Debug|ARM.ActiveCfg = Debug|Win32
		{E4670547-4942-4E6E-A32E-F0C86E51910C}.Debug|ARM64.ActiveCfg = Debug|Win32
		{E4670547-4942-4E6E-A32E-F0C86E51910C}.Debug|x64.ActiveCfg = Debug|x64
		{E4670547-4942-4E6E-A32E-F0C86E51910C}.Debug|x64.Build.0 = Debug|x64
		{E4670547-4942-4E6E-A32E-F0C86E51910C}.Debug|x86.ActiveCfg = Debug|Win32
		{E4670547-4942-4E6E-A32E-F0C86E51910C}.Debug|x86.Build.0 = Debug|Win32
		{E4670547-4942-4E6E-A32E-F0C86E51910C}.Release|ARM.ActiveCfg = Release|Win32
		{E4670547-4942-4E6E-A32E-F0C86E51910C}.Release|ARM64.ActiveCfg = Release|Win32
		{E4670547-4942-4E6E-A32E-F0C86E51910C}.Release|x64.ActiveCfg = Release|x64
		{E4670547-4942-4E6E-A32E-F0C86E51910C}.Release|x64.Build.0 = Release|x64
		{E4670547-4942-4E6E-A32E-F0C86E51910C}.Release|x86.ActiveCfg = Release|Win32
		{E4670547-4942-4E6E-A32E-F0C86E51910C}.Release|x86.Build.0 = Release|Win32
		{D81B2F9D-1B3D-4D66-943A-EEC5008B268C}.Debug|ARM.ActiveCfg = Debug|Win32
		{D81B2F9D-1B3D-4D66-943A-EEC5008B268C}.Debug|ARM64.ActiveCfg = Debug|Win32
		{D81B2F9D-1B3D-4D66-943A-EEC5008B268C}.Debug|x64.ActiveCfg = Debug|x64
		{D81B2F9D-1B3D-4D66-943A-EEC5008B268C}.Debug|x64.Build.0 = Debug|x64
		{D81B2F9D-1B3D-4D66-943A-EEC5008B268C}.Debug|x86.ActiveCfg = Debug|Win32
		{D81B2F9D-1B3D-4D66-943A-EEC5008B268C}.Debug|x86.Build.0 = Debug|Win32
		{D81B2F9D-1B3D-4D66-943A-EEC5008B268C}.Release|ARM.ActiveCfg = Release|Win32
		{D81B2F9D-1B3D-4D66-943A-EEC5008B268C}.Release|ARM64.ActiveCfg = Release|Win32
		{D81B2F9D-1B3D-4D66-943A-EEC5008B268C}.Release|x64.ActiveCfg = Release|x64
		{D81B2F9D-1B3D-4D66-943A-EEC5008B268C}.Release|x64.Build.0 = Release|x64
		{D81B2F9D-1B3D-4D66-943A-EEC5008B268C}.Release|x86.ActiveCfg = Release|Win32
		{D81B2F9D-1B3D-4D66-943A-EEC5008B268C}.Release|x86.Build.0 = Release|Win32
		{80C4E763-C0C7-4E02-BA62-945A973D575C}.Debug|ARM.ActiveCfg = Debug|Win32
		{80C4E763-C0C7-4E02-BA62-945A973D575C}.Debug|ARM64.ActiveCfg = Debug|Win32
		{80C4E763-C0C7-4E02-BA62-945A973D575C}.Debug|x64.ActiveCfg = Debug|x64
		{80C4E763-C0C7-4E02-BA62-945A973D575C}.Debug|x64.Build.0 = Debug|x64
		{80C4E763-C0C7-4E02-BA62-945A973D575C}.Debug|x86.ActiveCfg = Debug|Win32
		{80C4E763-C0C7-4E02-BA62-945A973D575C}.Debug|x86.Build.0 = Debug|Win32
		{80C4E763-C0C7-4E02-BA62-945A973D575C}.Release|ARM.ActiveCfg = Release|Win32
		{80C4E763-C0C7-4E02-BA62-945A973D575C}.Release|ARM64.ActiveCfg = Release|Win32
		{80C4E763-C0C7-4E02-BA62-945A973D575C}.Release|x64.ActiveCfg = Release|x64
		{80C4E763-C0C7-4E02-BA62-945A973D575C}.Release|x64.Build.0 = Release|x64
		{80C4E763-C0C7-4E02-BA62-945A973D575C}.Release|x86.ActiveCfg = Release|Win32
		{80C4E763-C0C7-4E02-BA62-945A973D575C}.Release|x86.Build.0 = Release|Win32
		{8FF5BE60-ABEF-43C9-A6AA-0D6D161E43FB}.Debug|ARM.ActiveCfg = Debug|Win32
		{8FF5BE60-ABEF-43C9-A6AA-0D6D161E43FB}.Debug|ARM64.ActiveCfg = Debug|Win32
		{8FF5BE60-ABEF-43C9-A6AA-0D6D161E43FB}.Debug|x64.ActiveCfg = Debug|x64
		{8FF5BE60-ABEF-43C9-A6AA-0D6D161E43FB}.Debug|x64.Build.0 = Debug|x64
		{8FF5BE60-ABEF-43C9-A6AA-0D6D161E43FB}.Debug|x86.ActiveCfg = Debug|Win32
		{8FF5BE60-ABEF-43C9-A6AA-0D6D161E43FB}.Debug|x86.Build.0 = Debug|Win32
		{8FF5BE60-ABEF-43C9-A6AA-0D6D161E43FB}.Release|ARM.ActiveCfg = Release|Win32
		{8FF5BE60-ABEF-43C9-A6AA-0D6D161E43FB}.Release|ARM64.ActiveCfg = Release|Win32
		{8FF5BE60-ABEF-43C9-A6AA-0D6D161E43FB}.Release|x64.ActiveCfg = Release|x64
		{8FF5BE60-ABEF-43C9-A6AA-0D6D161E43FB}.Release|x64.Build.0 = Release|x64
		{8FF5BE60-ABEF-43C9-A6AA-0D6D161E43FB}.Release|x86.ActiveCfg = Release|Win32
		{8FF5BE60-ABEF-43C9-A6AA-0D6D161E43FB}.Release|x86.Build.0 = Release|Win32
		{57C57EC2-43C1-4DB1-BF14-D5AAF82F2467}.Debug|ARM.ActiveCfg = Debug|Win32
		{57C57EC2-43C1-4DB1-BF14-D5AAF82F2467}.Debug|ARM64.ActiveCfg = Debug|Win32
		{57C57EC2-43C1-4DB1-BF14-D5AAF82F2467}.Debug|x64.ActiveCfg = Debug|x64
		{57C57EC2-43C1-4DB1-BF14-D5AAF82F2467}.Debug|x64.Build.0 = Debug|x64
		{57C57EC2-43C1-4DB1-BF14-D5AAF82F2467}.Debug|x86.ActiveCfg = Debug|Win32
		{57C57EC2-43C1-4DB1-BF14-D5AAF82F2467}.Debug|x86.Build.0 = Debug|Win32
		{57C57EC2-43C1-4DB1-BF14-D5AAF82F2467}.Release|ARM.ActiveCfg = Release|Win32
		{57C57EC2-43C1-4DB1-BF14-D5AAF82F2467}.Release|ARM64.ActiveCfg = Release|Win32
		{57C57EC2-43C1-4DB1-BF14-D5AAF82F2467}.Release|x64.ActiveCfg = Release|x64
		{57C57EC2-43C1-4DB1-BF14-D5AAF82F2467}.Release|x64.Build.0 = Release|x64
		{57C57EC2-43C1-4DB1-BF14-D5AAF82F2467}.Release|x86.ActiveCfg = Release|Win32
		{57C57EC2-43C1-4DB1-BF14-D5AAF82F2467}.Release|x86.Build.0 = Release|Win32
	EndGlobalSection
	GlobalSection(SolutionProperties) = preSolution
		HideSolutionNode = FALSE
	EndGlobalSection
	GlobalSection(NestedProjects) = preSolution
		{CC81AB8F-4000-4624-A704-E471194D9F95} = {D7045D41-2540-4FAA-9D16-FB113326C3A7}
		{9583ECFF-879D-4907-B516-667B4E3C793E} = {D7045D41-2540-4FAA-9D16-FB113326C3A7}
		{1BECF1CD-1035-48E6-ABC7-D5A2E9AD3AC6} = {D7045D41-2540-4FAA-9D16-FB113326C3A7}
		{E43F582A-8297-437D-9A29-E9D9108266CC} = {D7045D41-2540-4FAA-9D16-FB113326C3A7}
		{942BB04D-146C-4B59-B05E-9DD402D0C69C} = {D7045D41-2540-4FAA-9D16-FB113326C3A7}
		{1CB16664-519A-4E64-AF27-EBA3DFD26351} = {D7045D41-2540-4FAA-9D16-FB113326C3A7}
		{05E7F114-D665-4436-A03D-3B632E8AF74B} = {D7045D41-2540-4FAA-9D16-FB113326C3A7}
		{D8CD4F51-0C3B-46D3-930A-7CC50B50C242} = {D7045D41-2540-4FAA-9D16-FB113326C3A7}
		{AC6904B2-7457-48C8-91A1-BD07C65E54C9} = {EBCBE457-AFD1-4FA9-BA51-3A79D45AB129}
		{0FE0C40F-333C-4814-81CB-F99DA044526D} = {EBCBE457-AFD1-4FA9-BA51-3A79D45AB129}
		{38EACF12-0E00-4A87-91FE-4845F95762D9} = {EBCBE457-AFD1-4FA9-BA51-3A79D45AB129}
		{CCE1062D-431E-4BC5-ABE5-C8F9537D27F4} = {EBCBE457-AFD1-4FA9-BA51-3A79D45AB129}
		{4554383A-B2DC-4AF5-87B4-A71483A5FC70} = {EBCBE457-AFD1-4FA9-BA51-3A79D45AB129}
		{71C19FFA-C0E0-43B7-AD38-CCE486831FEA} = {EBCBE457-AFD1-4FA9-BA51-3A79D45AB129}
		{83B2788C-ADBA-4D7C-86AC-84E593FC88A6} = {D8877BC2-628C-4B31-877D-E3E7EF817194}
		{343D8A9F-D71E-4450-BCAC-96673458AFEE} = {D8877BC2-628C-4B31-877D-E3E7EF817194}
		{DC3634CF-B268-4A35-9075-60CD384E2ADF} = {7A19D2BA-01FD-41CF-BB99-4E8F8849332B}
		{EC76E300-B6AE-4765-8548-EA5AF6B22C77} = {7A19D2BA-01FD-41CF-BB99-4E8F8849332B}
		{958C712C-B727-444F-8C0A-34C1CC868C4A} = {D8877BC2-628C-4B31-877D-E3E7EF817194}
		{3461F477-DC72-4E22-8B5D-056A81CD4547} = {D8877BC2-628C-4B31-877D-E3E7EF817194}
		{E9C37D52-56BF-4A6E-9DDF-A75ED941F004} = {D8877BC2-628C-4B31-877D-E3E7EF817194}
		{6E6D46E1-AC9E-4AE5-BB76-B757F8951CF7} = {EBCBE457-AFD1-4FA9-BA51-3A79D45AB129}
		{93C41B9B-C914-4B4F-80DC-0E83EA4EBD39} = {EBCBE457-AFD1-4FA9-BA51-3A79D45AB129}
		{DEEFEA85-CABF-4A87-B0C4-AF9122122C1A} = {EBCBE457-AFD1-4FA9-BA51-3A79D45AB129}
		{05E4FD2D-2C76-4BFB-BE3D-D4A7D8A7448E} = {7A19D2BA-01FD-41CF-BB99-4E8F8849332B}
		{A54AAF20-7D88-4ED3-B69C-79E30A9AC106} = {EBCBE457-AFD1-4FA9-BA51-3A79D45AB129}
		{942B0FE6-1204-47D0-9E48-78FF56783352} = {EBCBE457-AFD1-4FA9-BA51-3A79D45AB129}
		{90657AE5-69F9-4228-A554-09665F30C6B2} = {EBCBE457-AFD1-4FA9-BA51-3A79D45AB129}
		{D54F045C-3BB9-41E3-8C4D-82050179DEF1} = {EBCBE457-AFD1-4FA9-BA51-3A79D45AB129}
		{7A4131F1-CAB4-4528-967B-162AB2C5D169} = {7A19D2BA-01FD-41CF-BB99-4E8F8849332B}
		{F2544097-E90B-4EAB-B88C-30292661D812} = {3C62B5E1-9366-4805-8364-1A551C82220E}
		{0F900CFA-59E5-4B4C-AC95-0745600E8C13} = {3C62B5E1-9366-4805-8364-1A551C82220E}
		{6BFF45DB-1602-4700-95B1-C0B97B6E0A1F} = {3C62B5E1-9366-4805-8364-1A551C82220E}
		{A7405003-6459-4184-9999-8867B4B09FA0} = {3C62B5E1-9366-4805-8364-1A551C82220E}
		{1DDA7EF3-0B3F-49E5-87D1-37DC52B17696} = {3C62B5E1-9366-4805-8364-1A551C82220E}
		{7F04B00D-B131-4055-8776-1593B7FBF2FB} = {7A19D2BA-01FD-41CF-BB99-4E8F8849332B}
		{384C2D47-66FC-4C02-9FBE-108A9D6DB29E} = {3C62B5E1-9366-4805-8364-1A551C82220E}
		{8F77546B-961C-43F3-9EEF-5A7F0C90C15C} = {3C62B5E1-9366-4805-8364-1A551C82220E}
		{E6CFC555-FD20-41C6-BE51-193B625C8629} = {3C62B5E1-9366-4805-8364-1A551C82220E}
		{41837D61-9ACB-4A51-B5DA-12642A1A3675} = {7A19D2BA-01FD-41CF-BB99-4E8F8849332B}
		{1025C659-2ACE-42C4-A6BD-F31DAEA5FF02} = {3C62B5E1-9366-4805-8364-1A551C82220E}
		{44EE23D8-1998-4347-B196-E7A7C3009E8E} = {3C62B5E1-9366-4805-8364-1A551C82220E}
		{67846940-1AB9-4DD7-BDFD-42481FCB6808} = {3C62B5E1-9366-4805-8364-1A551C82220E}
		{3FB17FCA-0B7A-4835-A84C-29A36456EA3E} = {3C62B5E1-9366-4805-8364-1A551C82220E}
		{8001E66D-FF41-46F8-97DE-50A7F438D741} = {3C62B5E1-9366-4805-8364-1A551C82220E}
		{741503FC-4320-4A5B-B165-AA4BF6C5F333} = {3C62B5E1-9366-4805-8364-1A551C82220E}
		{84FB2FF4-D445-4E8B-8CC8-3A65F487FF6D} = {3C62B5E1-9366-4805-8364-1A551C82220E}
		{40385D93-F630-4735-8185-F6955B7800B6} = {3C62B5E1-9366-4805-8364-1A551C82220E}
		{BB2C8312-3676-41FE-93AB-5544B49F6318} = {3C62B5E1-9366-4805-8364-1A551C82220E}
		{E4670547-4942-4E6E-A32E-F0C86E51910C} = {3C62B5E1-9366-4805-8364-1A551C82220E}
		{D81B2F9D-1B3D-4D66-943A-EEC5008B268C} = {3C62B5E1-9366-4805-8364-1A551C82220E}
		{80C4E763-C0C7-4E02-BA62-945A973D575C} = {3C62B5E1-9366-4805-8364-1A551C82220E}
		{8FF5BE60-ABEF-43C9-A6AA-0D6D161E43FB} = {3C62B5E1-9366-4805-8364-1A551C82220E}
		{57C57EC2-43C1-4DB1-BF14-D5AAF82F2467} = {3E495576-D2A2-4E58-9B0B-B688137AABE5}
	EndGlobalSection
	GlobalSection(ExtensibilityGlobals) = postSolution
		SolutionGuid = {61DD6BCF-D4FD-4C57-AD7D-CDE59E3A8B09}
	EndGlobalSection
EndGlobal
